{
  "version": 4,
  "terraform_version": "1.14.7",
  "serial": 277,
  "lineage": "607d1533-4875-bcf5-c0e8-bfb555ead222",
  "outputs": {},
  "resources": [
    {
      "mode": "data",
      "type": "archive_file",
      "name": "function_zip",
      "provider": "provider[\"registry.terraform.io/hashicorp/archive\"]",
      "instances": [
        {
          "schema_version": 0,
          "attributes": {
            "exclude_symlink_directories": null,
            "excludes": null,
            "id": "7d40b6e00745b3ea33b26a331804abb314101d1d",
            "output_base64sha256": "M3wWqmf9v/lDHYZC/yUgL8j9Ves1N2JGbFzfdKKoXks=",
            "output_base64sha512": "7QFDmAfrhMgDuVGciamXMTzU+yNa0XgOpHlGuV+lnf0GZr9AFoyKQNXQbII54owSDsbPwpa6sPow/F35ofXAww==",
            "output_file_mode": null,
            "output_md5": "7714920d0c55cf3549548330a75d6f92",
            "output_path": "./function_source.zip",
            "output_sha": "7d40b6e00745b3ea33b26a331804abb314101d1d",
            "output_sha256": "337c16aa67fdbff9431d8642ff25202fc8fd55eb353762466c5cdf74a2a85e4b",
            "output_sha512": "ed01439807eb84c803b9519c89a997313cd4fb235ad1780ea47946b95fa59dfd0666bf40168c8a40d5d06c8239e28c120ec6cfc296bab0fa30fc5df9a1f5c0c3",
            "output_size": 5281,
            "source": [],
            "source_content": null,
            "source_content_filename": null,
            "source_dir": "./cloud_function",
            "source_file": null,
            "type": "zip"
          },
          "sensitive_attributes": [],
          "identity_schema_version": 0
        }
      ]
    },
    {
      "mode": "data",
      "type": "archive_file",
      "name": "jee_answers_extractor_zip",
      "provider": "provider[\"registry.terraform.io/hashicorp/archive\"]",
      "instances": [
        {
          "schema_version": 0,
          "attributes": {
            "exclude_symlink_directories": null,
            "excludes": null,
            "id": "e534154136bd0ed54511114d79ddb88e35406524",
            "output_base64sha256": "PAmXkJurTOjxe5Y3W1T9aYx8Vg5bXxAAMRq1wQH9qZM=",
            "output_base64sha512": "ARqApkr7Nx8Mg6VtyV6dSRFAI5u+rm0mY11VXXNebEN2txQ0W1HgQ/Rxh5z7f2dXe0iWEaMk2FJjl8CeYEEFqA==",
            "output_file_mode": null,
            "output_md5": "628908930834168df889f63066d7176a",
            "output_path": "./jee_answer_extractor.zip",
            "output_sha": "e534154136bd0ed54511114d79ddb88e35406524",
            "output_sha256": "3c0997909bab4ce8f17b96375b54fd698c7c560e5b5f1000311ab5c101fda993",
            "output_sha512": "011a80a64afb371f0c83a56dc95e9d491140239bbeae6d26635d555d735e6c4376b714345b51e043f471879cfb7f67577b489611a324d8526397c09e604105a8",
            "output_size": 2644,
            "source": [],
            "source_content": null,
            "source_content_filename": null,
            "source_dir": "./cloud_function_answer_extractor",
            "source_file": null,
            "type": "zip"
          },
          "sensitive_attributes": [],
          "identity_schema_version": 0
        }
      ]
    },
    {
      "mode": "data",
      "type": "archive_file",
      "name": "jee_ocr_zip",
      "provider": "provider[\"registry.terraform.io/hashicorp/archive\"]",
      "instances": [
        {
          "schema_version": 0,
          "attributes": {
            "exclude_symlink_directories": null,
            "excludes": null,
            "id": "22a1767d4d923c2ccb0b28c5d189871c0c9596f1",
            "output_base64sha256": "/W4kKHM3OB16RVkUzKHaA/+iLFvhsbkXN4Dv6g6VryY=",
            "output_base64sha512": "p7jDIomh9MSAmfPRW+nksjbTnr+FqTLSMzPT0Ken57eby001W1EkDgsQbiQdG4tP9t0FP5lR2xgwowoIs0kg4w==",
            "output_file_mode": null,
            "output_md5": "cd519823f2a8b344dae4399296419ee9",
            "output_path": "./jee_ocr.zip",
            "output_sha": "22a1767d4d923c2ccb0b28c5d189871c0c9596f1",
            "output_sha256": "fd6e24287337381d7a455914cca1da03ffa22c5be1b1b9173780efea0e95af26",
            "output_sha512": "a7b8c32289a1f4c48099f3d15be9e4b236d39ebf85a932d23333d3d0a7a7e7b79bcb4d355b51240e0b106e241d1b8b4ff6dd053f9951db1830a30a08b34920e3",
            "output_size": 3313,
            "source": [],
            "source_content": null,
            "source_content_filename": null,
            "source_dir": "./cloud_function_jee_ocr",
            "source_file": null,
            "type": "zip"
          },
          "sensitive_attributes": [],
          "identity_schema_version": 0
        }
      ]
    },
    {
      "mode": "data",
      "type": "archive_file",
      "name": "jee_questions_extractor_zip",
      "provider": "provider[\"registry.terraform.io/hashicorp/archive\"]",
      "instances": [
        {
          "schema_version": 0,
          "attributes": {
            "exclude_symlink_directories": null,
            "excludes": null,
            "id": "91458f711aefd85f02e4e548c6ede77b73b5b2b2",
            "output_base64sha256": "nguhJxOwt3mNuN/Imx4hPiaaL6pT9SFsoQa4mfqMnwU=",
            "output_base64sha512": "WapaWV9k3cPZPfZ7mIpvQXK5HJS+GDdOsVrWKagdP9fONyC2YG869n9OIixEeCzlGv9Pucac7oDJMNkK/lHqlw==",
            "output_file_mode": null,
            "output_md5": "c628604bfc606658f1faf01fc4717ee3",
            "output_path": "./jee_question_extractor.zip",
            "output_sha": "91458f711aefd85f02e4e548c6ede77b73b5b2b2",
            "output_sha256": "9e0ba12713b0b7798db8dfc89b1e213e269a2faa53f5216ca106b899fa8c9f05",
            "output_sha512": "59aa5a595f64ddc3d93df67b988a6f4172b91c94be18374eb15ad629a81d3fd7ce3720b6606f3af67f4e222c44782ce51aff4fb9c69cee80c930d90afe51ea97",
            "output_size": 4145,
            "source": [],
            "source_content": null,
            "source_content_filename": null,
            "source_dir": "./cloud_function_jee_extractor",
            "source_file": null,
            "type": "zip"
          },
          "sensitive_attributes": [],
          "identity_schema_version": 0
        }
      ]
    },
    {
      "mode": "data",
      "type": "archive_file",
      "name": "jee_solution_extractor_zip",
      "provider": "provider[\"registry.terraform.io/hashicorp/archive\"]",
      "instances": [
        {
          "schema_version": 0,
          "attributes": {
            "exclude_symlink_directories": null,
            "excludes": null,
            "id": "3d3b61cc4b8d02a170220874fb466c51f0a44289",
            "output_base64sha256": "7E16EQN6pejeXCFniULLryxYpNVmK5oe94dvGv4m7Zo=",
            "output_base64sha512": "mRj/eevCx5kx7SgGzhmOaTramEW0lLuBgmBBnzUgIwoHzNPnKuqcgAoPvbKiv01KlLkw069liHwLHjOgurvQOg==",
            "output_file_mode": null,
            "output_md5": "a8de6dffd8cc47424db404338e013b5a",
            "output_path": "./jee_solution_extractor.zip",
            "output_sha": "3d3b61cc4b8d02a170220874fb466c51f0a44289",
            "output_sha256": "ec4d7a11037aa5e8de5c21678942cbaf2c58a4d5662b9a1ef7876f1afe26ed9a",
            "output_sha512": "9918ff79ebc2c79931ed2806ce198e693ada9845b494bb818260419f3520230a07ccd3e72aea9c800a0fbdb2a2bf4d4a94b930d3af65887c0b1e33a0babbd03a",
            "output_size": 3217,
            "source": [],
            "source_content": null,
            "source_content_filename": null,
            "source_dir": "./cloud_function_solution_extractor",
            "source_file": null,
            "type": "zip"
          },
          "sensitive_attributes": [],
          "identity_schema_version": 0
        }
      ]
    },
    {
      "mode": "data",
      "type": "archive_file",
      "name": "knowledge_compiler_zip",
      "provider": "provider[\"registry.terraform.io/hashicorp/archive\"]",
      "instances": [
        {
          "schema_version": 0,
          "attributes": {
            "exclude_symlink_directories": null,
            "excludes": null,
            "id": "a830aa59843d1f886b7cd90a4efae8c0bba8df58",
            "output_base64sha256": "wHJsctKAeacrB40C1FhkoFvMmRaZciaSG17Dbp2mbmg=",
            "output_base64sha512": "hgrAqEQmWGm049uawIAcdt1fWCDxML+6cBgx4omxd9ZU+kPL8+OUlcEPBu59fuceXxkExzHvsl3H2LrYHiCZkQ==",
            "output_file_mode": null,
            "output_md5": "1bf76c7635ff1c68b250d5261a7106fc",
            "output_path": "./knowledge_compiler.zip",
            "output_sha": "a830aa59843d1f886b7cd90a4efae8c0bba8df58",
            "output_sha256": "c0726c72d28079a72b078d02d45864a05bcc9916997226921b5ec36e9da66e68",
            "output_sha512": "860ac0a844265869b4e3db9ac0801c76dd5f5820f130bfba701831e289b177d654fa43cbf3e39495c10f06ee7d7ee71e5f1904c731efb25dc7d8bad81e209991",
            "output_size": 52780,
            "source": [],
            "source_content": null,
            "source_content_filename": null,
            "source_dir": "./cloud_function_knowledge_compiler",
            "source_file": null,
            "type": "zip"
          },
          "sensitive_attributes": [],
          "identity_schema_version": 0
        }
      ]
    },
    {
      "mode": "data",
      "type": "archive_file",
      "name": "metadata_extractor_zip",
      "provider": "provider[\"registry.terraform.io/hashicorp/archive\"]",
      "instances": [
        {
          "schema_version": 0,
          "attributes": {
            "exclude_symlink_directories": null,
            "excludes": null,
            "id": "63e300d45606fc48dcb0358ef4332b45b60524a2",
            "output_base64sha256": "oex/t9YsQCuQzuzM9FZA8sYeYyVRfIXBncCM7qrn9RM=",
            "output_base64sha512": "JIppnxD6AGYKmRyp3IcnsgMqKYLltLgDqWrK85Hopx4E8lkjEmJl0ZLrx/SwpGBVf3q80OtUZDkH7OxM5nT52g==",
            "output_file_mode": null,
            "output_md5": "d81305516a086f906ad81c9c9e08cfda",
            "output_path": "./metadata_extractor.zip",
            "output_sha": "63e300d45606fc48dcb0358ef4332b45b60524a2",
            "output_sha256": "a1ec7fb7d62c402b90ceecccf45640f2c61e6325517c85c19dc08ceeaae7f513",
            "output_sha512": "248a699f10fa00660a991ca9dc8727b2032a2982e5b4b803a96acaf391e8a71e04f25923126265d192ebc7f4b0a460557f7abcd0eb54643907ecec4ce674f9da",
            "output_size": 3518,
            "source": [],
            "source_content": null,
            "source_content_filename": null,
            "source_dir": "./cloud_function_metadata_extractor",
            "source_file": null,
            "type": "zip"
          },
          "sensitive_attributes": [],
          "identity_schema_version": 0
        }
      ]
    },
    {
      "mode": "data",
      "type": "google_storage_project_service_account",
      "name": "gcs_account",
      "provider": "provider[\"registry.terraform.io/hashicorp/google\"]",
      "instances": [
        {
          "schema_version": 0,
          "attributes": {
            "email_address": "service-315006458346@gs-project-accounts.iam.gserviceaccount.com",
            "id": "service-315006458346@gs-project-accounts.iam.gserviceaccount.com",
            "member": "serviceAccount:service-315006458346@gs-project-accounts.iam.gserviceaccount.com",
            "project": "matverse",
            "user_project": null
          },
          "sensitive_attributes": [],
          "identity_schema_version": 0
        }
      ]
    },
    {
      "mode": "managed",
      "type": "google_cloudfunctions2_function",
      "name": "jee_answer_extractor",
      "provider": "provider[\"registry.terraform.io/hashicorp/google\"]",
      "instances": [
        {
          "schema_version": 0,
          "attributes": {
            "build_config": [
              {
                "automatic_update_policy": [
                  {}
                ],
                "build": "projects/315006458346/locations/us-central1/builds/af9a5591-d9d9-44be-afad-80689929eccb",
                "docker_repository": "projects/matverse/locations/us-central1/repositories/gcf-artifacts",
                "entry_point": "process_answers",
                "environment_variables": {},
                "on_deploy_update_policy": [],
                "runtime": "python311",
                "service_account": "projects/matverse/serviceAccounts/315006458346-compute@developer.gserviceaccount.com",
                "source": [
                  {
                    "repo_source": [],
                    "storage_source": [
                      {
                        "bucket": "mathverse-function-source-matverse",
                        "generation": 1781707334418162,
                        "object": "jee-answer-extractor-628908930834168df889f63066d7176a.zip"
                      }
                    ]
                  }
                ],
                "worker_pool": ""
              }
            ],
            "description": "",
            "effective_labels": {},
            "environment": "GEN_2",
            "event_trigger": [
              {
                "event_filters": [
                  {
                    "attribute": "bucket",
                    "operator": "",
                    "value": "matverse-jee-assets"
                  }
                ],
                "event_type": "google.cloud.storage.object.v1.finalized",
                "pubsub_topic": "projects/matverse/topics/eventarc-us-central1-jee-answer-extractor-650868-456",
                "retry_policy": "RETRY_POLICY_DO_NOT_RETRY",
                "service_account_email": "315006458346-compute@developer.gserviceaccount.com",
                "trigger": "projects/matverse/locations/us-central1/triggers/jee-answer-extractor-650868",
                "trigger_region": "us-central1"
              }
            ],
            "id": "projects/matverse/locations/us-central1/functions/jee-answer-extractor",
            "kms_key_name": "",
            "labels": {},
            "location": "us-central1",
            "name": "jee-answer-extractor",
            "project": "matverse",
            "service_config": [
              {
                "all_traffic_on_latest_revision": true,
                "available_cpu": "1",
                "available_memory": "2G",
                "environment_variables": {
                  "LOG_EXECUTION_ID": "true",
                  "PROJECT_ID": "matverse"
                },
                "gcf_uri": "",
                "ingress_settings": "ALLOW_ALL",
                "max_instance_count": 5,
                "max_instance_request_concurrency": 1,
                "min_instance_count": 0,
                "secret_environment_variables": [],
                "secret_volumes": [],
                "service": "projects/matverse/locations/us-central1/services/jee-answer-extractor",
                "service_account_email": "jee-processor@matverse.iam.gserviceaccount.com",
                "timeout_seconds": 540,
                "uri": "https://jee-answer-extractor-kpelsnq63a-uc.a.run.app",
                "vpc_connector": "",
                "vpc_connector_egress_settings": ""
              }
            ],
            "state": "ACTIVE",
            "terraform_labels": {},
            "timeouts": null,
            "update_time": "2026-07-03T17:56:10.929570798Z",
            "url": "https://us-central1-matverse.cloudfunctions.net/jee-answer-extractor"
          },
          "sensitive_attributes": [],
          "identity_schema_version": 0,
          "private": "eyJlMmJmYjczMC1lY2FhLTExZTYtOGY4OC0zNDM2M2JjN2M0YzAiOnsiY3JlYXRlIjozNjAwMDAwMDAwMDAwLCJkZWxldGUiOjM2MDAwMDAwMDAwMDAsInVwZGF0ZSI6MzYwMDAwMDAwMDAwMH19",
          "dependencies": [
            "data.archive_file.jee_answers_extractor_zip",
            "google_project_iam_member.firestore_user",
            "google_project_iam_member.storage_object_admin",
            "google_project_service.requited_apis",
            "google_service_account.jee_processor",
            "google_storage_bucket.function_source_bucket",
            "google_storage_bucket.jee_assets",
            "google_storage_bucket_object.jee_answers_extractor_zip"
          ]
        }
      ]
    },
    {
      "mode": "managed",
      "type": "google_cloudfunctions2_function",
      "name": "jee_metadata_extractor",
      "provider": "provider[\"registry.terraform.io/hashicorp/google\"]",
      "instances": [
        {
          "schema_version": 0,
          "attributes": {
            "build_config": [
              {
                "automatic_update_policy": [
                  {}
                ],
                "build": "projects/315006458346/locations/us-central1/builds/9f529597-46e0-4889-9d44-3e8d8541555a",
                "docker_repository": "projects/matverse/locations/us-central1/repositories/gcf-artifacts",
                "entry_point": "process_metadata",
                "environment_variables": {},
                "on_deploy_update_policy": [],
                "runtime": "python311",
                "service_account": "projects/matverse/serviceAccounts/315006458346-compute@developer.gserviceaccount.com",
                "source": [
                  {
                    "repo_source": [],
                    "storage_source": [
                      {
                        "bucket": "mathverse-function-source-matverse",
                        "generation": 1781775982619318,
                        "object": "metadata-extractor-d81305516a086f906ad81c9c9e08cfda.zip"
                      }
                    ]
                  }
                ],
                "worker_pool": ""
              }
            ],
            "description": "",
            "effective_labels": {},
            "environment": "GEN_2",
            "event_trigger": [
              {
                "event_filters": [
                  {
                    "attribute": "bucket",
                    "operator": "",
                    "value": "matverse-jee-assets"
                  }
                ],
                "event_type": "google.cloud.storage.object.v1.finalized",
                "pubsub_topic": "projects/matverse/topics/eventarc-us-central1-jee-metadata-extractor-841685-490",
                "retry_policy": "RETRY_POLICY_DO_NOT_RETRY",
                "service_account_email": "315006458346-compute@developer.gserviceaccount.com",
                "trigger": "projects/matverse/locations/us-central1/triggers/jee-metadata-extractor-841685",
                "trigger_region": "us-central1"
              }
            ],
            "id": "projects/matverse/locations/us-central1/functions/jee-metadata-extractor",
            "kms_key_name": "",
            "labels": {},
            "location": "us-central1",
            "name": "jee-metadata-extractor",
            "project": "matverse",
            "service_config": [
              {
                "all_traffic_on_latest_revision": true,
                "available_cpu": "1",
                "available_memory": "2G",
                "environment_variables": {
                  "LOG_EXECUTION_ID": "true",
                  "PROJECT_ID": "matverse"
                },
                "gcf_uri": "",
                "ingress_settings": "ALLOW_ALL",
                "max_instance_count": 5,
                "max_instance_request_concurrency": 1,
                "min_instance_count": 0,
                "secret_environment_variables": [],
                "secret_volumes": [],
                "service": "projects/matverse/locations/us-central1/services/jee-metadata-extractor",
                "service_account_email": "jee-processor@matverse.iam.gserviceaccount.com",
                "timeout_seconds": 540,
                "uri": "https://jee-metadata-extractor-kpelsnq63a-uc.a.run.app",
                "vpc_connector": "",
                "vpc_connector_egress_settings": ""
              }
            ],
            "state": "ACTIVE",
            "terraform_labels": {},
            "timeouts": null,
            "update_time": "2026-07-03T17:56:14.166878860Z",
            "url": "https://us-central1-matverse.cloudfunctions.net/jee-metadata-extractor"
          },
          "sensitive_attributes": [],
          "identity_schema_version": 0,
          "private": "eyJlMmJmYjczMC1lY2FhLTExZTYtOGY4OC0zNDM2M2JjN2M0YzAiOnsiY3JlYXRlIjozNjAwMDAwMDAwMDAwLCJkZWxldGUiOjM2MDAwMDAwMDAwMDAsInVwZGF0ZSI6MzYwMDAwMDAwMDAwMH19",
          "dependencies": [
            "data.archive_file.metadata_extractor_zip",
            "google_project_iam_member.firestore_user",
            "google_project_iam_member.storage_object_admin",
            "google_project_service.requited_apis",
            "google_service_account.jee_processor",
            "google_storage_bucket.function_source_bucket",
            "google_storage_bucket.jee_assets",
            "google_storage_bucket_object.metadata_extractor_zip"
          ]
        }
      ]
    },
    {
      "mode": "managed",
      "type": "google_cloudfunctions2_function",
      "name": "jee_pdf_ocr",
      "provider": "provider[\"registry.terraform.io/hashicorp/google\"]",
      "instances": [
        {
          "schema_version": 0,
          "attributes": {
            "build_config": [
              {
                "automatic_update_policy": [
                  {}
                ],
                "build": "projects/315006458346/locations/us-central1/builds/cee5b5bb-f127-46c8-9c88-dcd838f1cae7",
                "docker_repository": "projects/matverse/locations/us-central1/repositories/gcf-artifacts",
                "entry_point": "process_pdf",
                "environment_variables": {},
                "on_deploy_update_policy": [],
                "runtime": "python311",
                "service_account": "projects/matverse/serviceAccounts/315006458346-compute@developer.gserviceaccount.com",
                "source": [
                  {
                    "repo_source": [],
                    "storage_source": [
                      {
                        "bucket": "mathverse-function-source-matverse",
                        "generation": 1781605095342651,
                        "object": "jee-ocr-cd519823f2a8b344dae4399296419ee9.zip"
                      }
                    ]
                  }
                ],
                "worker_pool": ""
              }
            ],
            "description": "",
            "effective_labels": {},
            "environment": "GEN_2",
            "event_trigger": [
              {
                "event_filters": [
                  {
                    "attribute": "bucket",
                    "operator": "",
                    "value": "matverse-jee-assets"
                  }
                ],
                "event_type": "google.cloud.storage.object.v1.finalized",
                "pubsub_topic": "projects/matverse/topics/eventarc-us-central1-jee-pdf-ocr-350192-288",
                "retry_policy": "RETRY_POLICY_DO_NOT_RETRY",
                "service_account_email": "315006458346-compute@developer.gserviceaccount.com",
                "trigger": "projects/matverse/locations/us-central1/triggers/jee-pdf-ocr-350192",
                "trigger_region": "us-central1"
              }
            ],
            "id": "projects/matverse/locations/us-central1/functions/jee-pdf-ocr",
            "kms_key_name": "",
            "labels": {},
            "location": "us-central1",
            "name": "jee-pdf-ocr",
            "project": "matverse",
            "service_config": [
              {
                "all_traffic_on_latest_revision": true,
                "available_cpu": "1",
                "available_memory": "2G",
                "environment_variables": {
                  "LOG_EXECUTION_ID": "true",
                  "PROCESSOR_ID": "6f33f7275a777b7f",
                  "PROCESSOR_LOCATION": "us",
                  "PROJECT_ID": "matverse"
                },
                "gcf_uri": "",
                "ingress_settings": "ALLOW_ALL",
                "max_instance_count": 5,
                "max_instance_request_concurrency": 1,
                "min_instance_count": 0,
                "secret_environment_variables": [],
                "secret_volumes": [],
                "service": "projects/matverse/locations/us-central1/services/jee-pdf-ocr",
                "service_account_email": "jee-processor@matverse.iam.gserviceaccount.com",
                "timeout_seconds": 540,
                "uri": "https://jee-pdf-ocr-kpelsnq63a-uc.a.run.app",
                "vpc_connector": "",
                "vpc_connector_egress_settings": ""
              }
            ],
            "state": "ACTIVE",
            "terraform_labels": {},
            "timeouts": null,
            "update_time": "2026-07-03T17:56:14.595005592Z",
            "url": "https://us-central1-matverse.cloudfunctions.net/jee-pdf-ocr"
          },
          "sensitive_attributes": [],
          "identity_schema_version": 0,
          "private": "eyJlMmJmYjczMC1lY2FhLTExZTYtOGY4OC0zNDM2M2JjN2M0YzAiOnsiY3JlYXRlIjozNjAwMDAwMDAwMDAwLCJkZWxldGUiOjM2MDAwMDAwMDAwMDAsInVwZGF0ZSI6MzYwMDAwMDAwMDAwMH19",
          "dependencies": [
            "data.archive_file.jee_ocr_zip",
            "google_project_iam_member.docai_user",
            "google_project_iam_member.firestore_user",
            "google_project_iam_member.storage_object_admin",
            "google_project_service.requited_apis",
            "google_service_account.jee_processor",
            "google_storage_bucket.function_source_bucket",
            "google_storage_bucket.jee_assets",
            "google_storage_bucket_object.jee_ocr_zip"
          ]
        }
      ]
    },
    {
      "mode": "managed",
      "type": "google_cloudfunctions2_function",
      "name": "jee_question_extractor",
      "provider": "provider[\"registry.terraform.io/hashicorp/google\"]",
      "instances": [
        {
          "schema_version": 0,
          "attributes": {
            "build_config": [
              {
                "automatic_update_policy": [
                  {}
                ],
                "build": "projects/315006458346/locations/us-central1/builds/3fc9c89b-f9a2-4777-96ad-95433a34dee6",
                "docker_repository": "projects/matverse/locations/us-central1/repositories/gcf-artifacts",
                "entry_point": "process_ocr_json",
                "environment_variables": {},
                "on_deploy_update_policy": [],
                "runtime": "python311",
                "service_account": "projects/matverse/serviceAccounts/315006458346-compute@developer.gserviceaccount.com",
                "source": [
                  {
                    "repo_source": [],
                    "storage_source": [
                      {
                        "bucket": "mathverse-function-source-matverse",
                        "generation": 1781616934556832,
                        "object": "jee-question-extractor-c628604bfc606658f1faf01fc4717ee3.zip"
                      }
                    ]
                  }
                ],
                "worker_pool": ""
              }
            ],
            "description": "",
            "effective_labels": {},
            "environment": "GEN_2",
            "event_trigger": [
              {
                "event_filters": [
                  {
                    "attribute": "bucket",
                    "operator": "",
                    "value": "matverse-jee-assets"
                  }
                ],
                "event_type": "google.cloud.storage.object.v1.finalized",
                "pubsub_topic": "projects/matverse/topics/eventarc-us-central1-jee-question-extractor-352460-149",
                "retry_policy": "RETRY_POLICY_DO_NOT_RETRY",
                "service_account_email": "315006458346-compute@developer.gserviceaccount.com",
                "trigger": "projects/matverse/locations/us-central1/triggers/jee-question-extractor-352460",
                "trigger_region": "us-central1"
              }
            ],
            "id": "projects/matverse/locations/us-central1/functions/jee-question-extractor",
            "kms_key_name": "",
            "labels": {},
            "location": "us-central1",
            "name": "jee-question-extractor",
            "project": "matverse",
            "service_config": [
              {
                "all_traffic_on_latest_revision": true,
                "available_cpu": "1",
                "available_memory": "2G",
                "environment_variables": {
                  "LOG_EXECUTION_ID": "true",
                  "PROJECT_ID": "matverse"
                },
                "gcf_uri": "",
                "ingress_settings": "ALLOW_ALL",
                "max_instance_count": 5,
                "max_instance_request_concurrency": 1,
                "min_instance_count": 0,
                "secret_environment_variables": [],
                "secret_volumes": [],
                "service": "projects/matverse/locations/us-central1/services/jee-question-extractor",
                "service_account_email": "jee-processor@matverse.iam.gserviceaccount.com",
                "timeout_seconds": 540,
                "uri": "https://jee-question-extractor-kpelsnq63a-uc.a.run.app",
                "vpc_connector": "",
                "vpc_connector_egress_settings": ""
              }
            ],
            "state": "ACTIVE",
            "terraform_labels": {},
            "timeouts": null,
            "update_time": "2026-07-03T17:56:15.405809457Z",
            "url": "https://us-central1-matverse.cloudfunctions.net/jee-question-extractor"
          },
          "sensitive_attributes": [],
          "identity_schema_version": 0,
          "private": "eyJlMmJmYjczMC1lY2FhLTExZTYtOGY4OC0zNDM2M2JjN2M0YzAiOnsiY3JlYXRlIjozNjAwMDAwMDAwMDAwLCJkZWxldGUiOjM2MDAwMDAwMDAwMDAsInVwZGF0ZSI6MzYwMDAwMDAwMDAwMH19",
          "dependencies": [
            "data.archive_file.jee_questions_extractor_zip",
            "google_project_iam_member.firestore_user",
            "google_project_iam_member.storage_object_admin",
            "google_project_service.requited_apis",
            "google_service_account.jee_processor",
            "google_storage_bucket.function_source_bucket",
            "google_storage_bucket.jee_assets",
            "google_storage_bucket_object.jee_extractor_zip"
          ]
        }
      ]
    },
    {
      "mode": "managed",
      "type": "google_cloudfunctions2_function",
      "name": "jee_solution_extractor",
      "provider": "provider[\"registry.terraform.io/hashicorp/google\"]",
      "instances": [
        {
          "schema_version": 0,
          "attributes": {
            "build_config": [
              {
                "automatic_update_policy": [
                  {}
                ],
                "build": "projects/315006458346/locations/us-central1/builds/a7f7c85a-f992-41f6-9d67-da475bdffa33",
                "docker_repository": "projects/matverse/locations/us-central1/repositories/gcf-artifacts",
                "entry_point": "process_solutions",
                "environment_variables": {},
                "on_deploy_update_policy": [],
                "runtime": "python311",
                "service_account": "projects/matverse/serviceAccounts/315006458346-compute@developer.gserviceaccount.com",
                "source": [
                  {
                    "repo_source": [],
                    "storage_source": [
                      {
                        "bucket": "mathverse-function-source-matverse",
                        "generation": 1781771093583181,
                        "object": "jee-solution-extractor-a8de6dffd8cc47424db404338e013b5a.zip"
                      }
                    ]
                  }
                ],
                "worker_pool": ""
              }
            ],
            "description": "",
            "effective_labels": {},
            "environment": "GEN_2",
            "event_trigger": [
              {
                "event_filters": [
                  {
                    "attribute": "bucket",
                    "operator": "",
                    "value": "matverse-jee-assets"
                  }
                ],
                "event_type": "google.cloud.storage.object.v1.finalized",
                "pubsub_topic": "projects/matverse/topics/eventarc-us-central1-jee-solution-extractor-776193-001",
                "retry_policy": "RETRY_POLICY_DO_NOT_RETRY",
                "service_account_email": "315006458346-compute@developer.gserviceaccount.com",
                "trigger": "projects/matverse/locations/us-central1/triggers/jee-solution-extractor-776193",
                "trigger_region": "us-central1"
              }
            ],
            "id": "projects/matverse/locations/us-central1/functions/jee-solution-extractor",
            "kms_key_name": "",
            "labels": {},
            "location": "us-central1",
            "name": "jee-solution-extractor",
            "project": "matverse",
            "service_config": [
              {
                "all_traffic_on_latest_revision": true,
                "available_cpu": "1",
                "available_memory": "2G",
                "environment_variables": {
                  "LOG_EXECUTION_ID": "true",
                  "PROJECT_ID": "matverse"
                },
                "gcf_uri": "",
                "ingress_settings": "ALLOW_ALL",
                "max_instance_count": 5,
                "max_instance_request_concurrency": 1,
                "min_instance_count": 0,
                "secret_environment_variables": [],
                "secret_volumes": [],
                "service": "projects/matverse/locations/us-central1/services/jee-solution-extractor",
                "service_account_email": "jee-processor@matverse.iam.gserviceaccount.com",
                "timeout_seconds": 540,
                "uri": "https://jee-solution-extractor-kpelsnq63a-uc.a.run.app",
                "vpc_connector": "",
                "vpc_connector_egress_settings": ""
              }
            ],
            "state": "ACTIVE",
            "terraform_labels": {},
            "timeouts": null,
            "update_time": "2026-07-03T17:56:12.209603279Z",
            "url": "https://us-central1-matverse.cloudfunctions.net/jee-solution-extractor"
          },
          "sensitive_attributes": [],
          "identity_schema_version": 0,
          "private": "eyJlMmJmYjczMC1lY2FhLTExZTYtOGY4OC0zNDM2M2JjN2M0YzAiOnsiY3JlYXRlIjozNjAwMDAwMDAwMDAwLCJkZWxldGUiOjM2MDAwMDAwMDAwMDAsInVwZGF0ZSI6MzYwMDAwMDAwMDAwMH19",
          "dependencies": [
            "data.archive_file.jee_solution_extractor_zip",
            "google_project_iam_member.firestore_user",
            "google_project_iam_member.storage_object_admin",
            "google_project_service.requited_apis",
            "google_service_account.jee_processor",
            "google_storage_bucket.function_source_bucket",
            "google_storage_bucket.jee_assets",
            "google_storage_bucket_object.jee_solution_extractor_zip"
          ]
        }
      ]
    },
    {
      "mode": "managed",
      "type": "google_cloudfunctions2_function",
      "name": "knowledge_compiler",
      "provider": "provider[\"registry.terraform.io/hashicorp/google\"]",
      "instances": [
        {
          "schema_version": 0,
          "attributes": {
            "build_config": [
              {
                "automatic_update_policy": [
                  {}
                ],
                "build": "projects/315006458346/locations/us-central1/builds/f10152e8-7500-496b-8826-fb0278513f0d",
                "docker_repository": "projects/matverse/locations/us-central1/repositories/gcf-artifacts",
                "entry_point": "process_knowledge_document",
                "environment_variables": {},
                "on_deploy_update_policy": [],
                "runtime": "python311",
                "service_account": "projects/matverse/serviceAccounts/315006458346-compute@developer.gserviceaccount.com",
                "source": [
                  {
                    "repo_source": [],
                    "storage_source": [
                      {
                        "bucket": "mathverse-function-source-matverse",
                        "generation": 1783067735023469,
                        "object": "knowledge-compiler-1bf76c7635ff1c68b250d5261a7106fc.zip"
                      }
                    ]
                  }
                ],
                "worker_pool": ""
              }
            ],
            "description": "",
            "effective_labels": {},
            "environment": "GEN_2",
            "event_trigger": [
              {
                "event_filters": [
                  {
                    "attribute": "bucket",
                    "operator": "",
                    "value": "mathverse-content"
                  }
                ],
                "event_type": "google.cloud.storage.object.v1.finalized",
                "pubsub_topic": "projects/matverse/topics/eventarc-us-central1-knowledge-compiler-048498-026",
                "retry_policy": "RETRY_POLICY_DO_NOT_RETRY",
                "service_account_email": "315006458346-compute@developer.gserviceaccount.com",
                "trigger": "projects/matverse/locations/us-central1/triggers/knowledge-compiler-048498",
                "trigger_region": "us-central1"
              }
            ],
            "id": "projects/matverse/locations/us-central1/functions/knowledge-compiler",
            "kms_key_name": "",
            "labels": {},
            "location": "us-central1",
            "name": "knowledge-compiler",
            "project": "matverse",
            "service_config": [
              {
                "all_traffic_on_latest_revision": true,
                "available_cpu": "1",
                "available_memory": "2G",
                "environment_variables": {
                  "LOG_EXECUTION_ID": "true",
                  "PROCESSOR_ID": "6f33f7275a777b7f",
                  "PROCESSOR_LOCATION": "us",
                  "PROJECT_ID": "matverse"
                },
                "gcf_uri": "",
                "ingress_settings": "ALLOW_ALL",
                "max_instance_count": 5,
                "max_instance_request_concurrency": 1,
                "min_instance_count": 0,
                "secret_environment_variables": [],
                "secret_volumes": [],
                "service": "projects/matverse/locations/us-central1/services/knowledge-compiler",
                "service_account_email": "jee-processor@matverse.iam.gserviceaccount.com",
                "timeout_seconds": 540,
                "uri": "https://knowledge-compiler-kpelsnq63a-uc.a.run.app",
                "vpc_connector": "",
                "vpc_connector_egress_settings": ""
              }
            ],
            "state": "ACTIVE",
            "terraform_labels": {},
            "timeouts": null,
            "update_time": "2026-07-03T17:56:34.681779658Z",
            "url": "https://us-central1-matverse.cloudfunctions.net/knowledge-compiler"
          },
          "sensitive_attributes": [],
          "identity_schema_version": 0,
          "private": "eyJlMmJmYjczMC1lY2FhLTExZTYtOGY4OC0zNDM2M2JjN2M0YzAiOnsiY3JlYXRlIjozNjAwMDAwMDAwMDAwLCJkZWxldGUiOjM2MDAwMDAwMDAwMDAsInVwZGF0ZSI6MzYwMDAwMDAwMDAwMH19",
          "dependencies": [
            "data.archive_file.knowledge_compiler_zip",
            "google_project_iam_member.docai_user",
            "google_project_iam_member.firestore_user",
            "google_project_iam_member.storage_object_admin",
            "google_project_service.requited_apis",
            "google_service_account.jee_processor",
            "google_storage_bucket.content_bucket",
            "google_storage_bucket.function_source_bucket",
            "google_storage_bucket_object.knowledge_compiler_zip"
          ]
        }
      ]
    },
    {
      "mode": "managed",
      "type": "google_cloudfunctions2_function",
      "name": "pdf_ingestion_agent",
      "provider": "provider[\"registry.terraform.io/hashicorp/google\"]",
      "instances": [
        {
          "schema_version": 0,
          "attributes": {
            "build_config": [
              {
                "automatic_update_policy": [
                  {}
                ],
                "build": "projects/315006458346/locations/us-central1/builds/f9073c77-d5b9-4df0-851e-12e637058be3",
                "docker_repository": "projects/matverse/locations/us-central1/repositories/gcf-artifacts",
                "entry_point": "process_new_pdf",
                "environment_variables": {},
                "on_deploy_update_policy": [],
                "runtime": "python311",
                "service_account": "projects/matverse/serviceAccounts/315006458346-compute@developer.gserviceaccount.com",
                "source": [
                  {
                    "repo_source": [],
                    "storage_source": [
                      {
                        "bucket": "mathverse-function-source-matverse",
                        "generation": 1780649802933508,
                        "object": "ingestion-agent-7714920d0c55cf3549548330a75d6f92.zip"
                      }
                    ]
                  }
                ],
                "worker_pool": ""
              }
            ],
            "description": "Triggered by new PDFs. Parses, embeds, and writes to Firestore.",
            "effective_labels": {},
            "environment": "GEN_2",
            "event_trigger": [
              {
                "event_filters": [
                  {
                    "attribute": "bucket",
                    "operator": "",
                    "value": "mathverse-curriculum-pdfs-matverse"
                  }
                ],
                "event_type": "google.cloud.storage.object.v1.finalized",
                "pubsub_topic": "projects/matverse/topics/eventarc-us-central1-mathverse-pdf-indexer-675768-026",
                "retry_policy": "RETRY_POLICY_DO_NOT_RETRY",
                "service_account_email": "rag-ingestion-agent@matverse.iam.gserviceaccount.com",
                "trigger": "projects/matverse/locations/us-central1/triggers/mathverse-pdf-indexer-675768",
                "trigger_region": "us-central1"
              }
            ],
            "id": "projects/matverse/locations/us-central1/functions/mathverse-pdf-indexer",
            "kms_key_name": "",
            "labels": {},
            "location": "us-central1",
            "name": "mathverse-pdf-indexer",
            "project": "matverse",
            "service_config": [
              {
                "all_traffic_on_latest_revision": true,
                "available_cpu": "1",
                "available_memory": "2G",
                "environment_variables": {
                  "EMBEDDING_MODEL": "text-embedding-004",
                  "FIRESTORE_COL": "pdf_chunks",
                  "FIRESTORE_PROJECT_ID": "matverse",
                  "LOG_EXECUTION_ID": "true",
                  "PROJECT_ID": "matverse",
                  "REGION": "us-central1"
                },
                "gcf_uri": "",
                "ingress_settings": "ALLOW_ALL",
                "max_instance_count": 5,
                "max_instance_request_concurrency": 1,
                "min_instance_count": 0,
                "secret_environment_variables": [],
                "secret_volumes": [],
                "service": "projects/matverse/locations/us-central1/services/mathverse-pdf-indexer",
                "service_account_email": "rag-ingestion-agent@matverse.iam.gserviceaccount.com",
                "timeout_seconds": 540,
                "uri": "https://mathverse-pdf-indexer-kpelsnq63a-uc.a.run.app",
                "vpc_connector": "",
                "vpc_connector_egress_settings": ""
              }
            ],
            "state": "ACTIVE",
            "terraform_labels": {},
            "timeouts": null,
            "update_time": "2026-06-05T13:56:51.473000781Z",
            "url": "https://us-central1-matverse.cloudfunctions.net/mathverse-pdf-indexer"
          },
          "sensitive_attributes": [],
          "identity_schema_version": 0,
          "private": "eyJlMmJmYjczMC1lY2FhLTExZTYtOGY4OC0zNDM2M2JjN2M0YzAiOnsiY3JlYXRlIjozNjAwMDAwMDAwMDAwLCJkZWxldGUiOjM2MDAwMDAwMDAwMDAsInVwZGF0ZSI6MzYwMDAwMDAwMDAwMH19",
          "dependencies": [
            "data.archive_file.function_zip",
            "data.google_storage_project_service_account.gcs_account",
            "google_project_iam_member.event_receiver",
            "google_project_iam_member.firestore_writer",
            "google_project_iam_member.gcs_pubsub_publishing",
            "google_project_iam_member.run_invoker",
            "google_project_iam_member.service_usage_consumer",
            "google_project_service.requited_apis",
            "google_service_account.ingestion_sa",
            "google_storage_bucket.curriculum_bucket",
            "google_storage_bucket.function_source_bucket",
            "google_storage_bucket_iam_member.read_pdf_bucket_metadata",
            "google_storage_bucket_iam_member.read_pdfs",
            "google_storage_bucket_object.function_zip"
          ]
        }
      ]
    },
    {
      "mode": "managed",
      "type": "google_firestore_index",
      "name": "pdf_chunks_vector",
      "provider": "provider[\"registry.terraform.io/hashicorp/google\"]",
      "instances": [
        {
          "schema_version": 0,
          "attributes": {
            "api_scope": "ANY_API",
            "collection": "pdf_chunks",
            "database": "(default)",
            "fields": [
              {
                "array_config": "",
                "field_path": "metadata.chapter",
                "order": "ASCENDING",
                "vector_config": []
              },
              {
                "array_config": "",
                "field_path": "metadata.grade",
                "order": "ASCENDING",
                "vector_config": []
              },
              {
                "array_config": "",
                "field_path": "__name__",
                "order": "ASCENDING",
                "vector_config": []
              },
              {
                "array_config": "",
                "field_path": "embedding",
                "order": "",
                "vector_config": [
                  {
                    "dimension": 768,
                    "flat": [
                      {}
                    ]
                  }
                ]
              }
            ],
            "id": "projects/matverse/databases/(default)/collectionGroups/pdf_chunks/indexes/CICAgOi3kJAK",
            "name": "projects/matverse/databases/(default)/collectionGroups/pdf_chunks/indexes/CICAgOi3kJAK",
            "project": "matverse",
            "query_scope": "COLLECTION",
            "timeouts": null
          },
          "sensitive_attributes": [],
          "identity_schema_version": 0,
          "private": "eyJlMmJmYjczMC1lY2FhLTExZTYtOGY4OC0zNDM2M2JjN2M0YzAiOnsiY3JlYXRlIjoxMjAwMDAwMDAwMDAwLCJkZWxldGUiOjEyMDAwMDAwMDAwMDB9LCJzY2hlbWFfdmVyc2lvbiI6IjAifQ==",
          "dependencies": [
            "google_project_service.requited_apis"
          ]
        }
      ]
    },
    {
      "mode": "managed",
      "type": "google_project_iam_member",
      "name": "developer_ai_user",
      "provider": "provider[\"registry.terraform.io/hashicorp/google\"]",
      "instances": [
        {
          "index_key": "matverse",
          "schema_version": 0,
          "attributes": {
            "condition": [],
            "etag": "BwZVt3oDdKE=",
            "id": "matverse/roles/aiplatform.user/user:miteshc527@gmail.com",
            "member": "user:miteshc527@gmail.com",
            "project": "matverse",
            "role": "roles/aiplatform.user"
          },
          "sensitive_attributes": [],
          "identity_schema_version": 0,
          "private": "bnVsbA=="
        }
      ]
    },
    {
      "mode": "managed",
      "type": "google_project_iam_member",
      "name": "developer_firestore_user",
      "provider": "provider[\"registry.terraform.io/hashicorp/google\"]",
      "instances": [
        {
          "index_key": 0,
          "schema_version": 0,
          "attributes": {
            "condition": [],
            "etag": "BwZVt3oDdKE=",
            "id": "matverse/roles/datastore.user/user:miteshc527@gmail.com",
            "member": "user:miteshc527@gmail.com",
            "project": "matverse",
            "role": "roles/datastore.user"
          },
          "sensitive_attributes": [],
          "identity_schema_version": 0,
          "private": "bnVsbA=="
        }
      ]
    },
    {
      "mode": "managed",
      "type": "google_project_iam_member",
      "name": "developer_service_usage_consumer",
      "provider": "provider[\"registry.terraform.io/hashicorp/google\"]",
      "instances": [
        {
          "index_key": "matverse",
          "schema_version": 0,
          "attributes": {
            "condition": [],
            "etag": "BwZVt3oDdKE=",
            "id": "matverse/roles/serviceusage.serviceUsageConsumer/user:miteshc527@gmail.com",
            "member": "user:miteshc527@gmail.com",
            "project": "matverse",
            "role": "roles/serviceusage.serviceUsageConsumer"
          },
          "sensitive_attributes": [],
          "identity_schema_version": 0,
          "private": "bnVsbA=="
        }
      ]
    },
    {
      "mode": "managed",
      "type": "google_project_iam_member",
      "name": "docai_user",
      "provider": "provider[\"registry.terraform.io/hashicorp/google\"]",
      "instances": [
        {
          "schema_version": 0,
          "attributes": {
            "condition": [],
            "etag": "BwZVt3oDdKE=",
            "id": "matverse/roles/documentai.apiUser/serviceAccount:jee-processor@matverse.iam.gserviceaccount.com",
            "member": "serviceAccount:jee-processor@matverse.iam.gserviceaccount.com",
            "project": "matverse",
            "role": "roles/documentai.apiUser"
          },
          "sensitive_attributes": [],
          "identity_schema_version": 0,
          "private": "bnVsbA==",
          "dependencies": [
            "google_project_service.requited_apis",
            "google_service_account.jee_processor"
          ]
        }
      ]
    },
    {
      "mode": "managed",
      "type": "google_project_iam_member",
      "name": "docai_viewer",
      "provider": "provider[\"registry.terraform.io/hashicorp/google\"]",
      "instances": [
        {
          "schema_version": 0,
          "attributes": {
            "condition": [],
            "etag": "BwZVt3oDdKE=",
            "id": "matverse/roles/documentai.viewer/serviceAccount:jee-processor@matverse.iam.gserviceaccount.com",
            "member": "serviceAccount:jee-processor@matverse.iam.gserviceaccount.com",
            "project": "matverse",
            "role": "roles/documentai.viewer"
          },
          "sensitive_attributes": [],
          "identity_schema_version": 0,
          "private": "bnVsbA==",
          "dependencies": [
            "google_project_service.requited_apis",
            "google_service_account.jee_processor"
          ]
        }
      ]
    },
    {
      "mode": "managed",
      "type": "google_project_iam_member",
      "name": "event_receiver",
      "provider": "provider[\"registry.terraform.io/hashicorp/google\"]",
      "instances": [
        {
          "schema_version": 0,
          "attributes": {
            "condition": [],
            "etag": "BwZVt3oDdKE=",
            "id": "matverse/roles/eventarc.eventReceiver/serviceAccount:rag-ingestion-agent@matverse.iam.gserviceaccount.com",
            "member": "serviceAccount:rag-ingestion-agent@matverse.iam.gserviceaccount.com",
            "project": "matverse",
            "role": "roles/eventarc.eventReceiver"
          },
          "sensitive_attributes": [],
          "identity_schema_version": 0,
          "private": "bnVsbA==",
          "dependencies": [
            "google_service_account.ingestion_sa"
          ]
        }
      ]
    },
    {
      "mode": "managed",
      "type": "google_project_iam_member",
      "name": "firestore_user",
      "provider": "provider[\"registry.terraform.io/hashicorp/google\"]",
      "instances": [
        {
          "schema_version": 0,
          "attributes": {
            "condition": [],
            "etag": "BwZVt3oDdKE=",
            "id": "matverse/roles/datastore.user/serviceAccount:jee-processor@matverse.iam.gserviceaccount.com",
            "member": "serviceAccount:jee-processor@matverse.iam.gserviceaccount.com",
            "project": "matverse",
            "role": "roles/datastore.user"
          },
          "sensitive_attributes": [],
          "identity_schema_version": 0,
          "private": "bnVsbA==",
          "dependencies": [
            "google_project_service.requited_apis",
            "google_service_account.jee_processor"
          ]
        }
      ]
    },
    {
      "mode": "managed",
      "type": "google_project_iam_member",
      "name": "firestore_writer",
      "provider": "provider[\"registry.terraform.io/hashicorp/google\"]",
      "instances": [
        {
          "schema_version": 0,
          "attributes": {
            "condition": [],
            "etag": "BwZVt3oDdKE=",
            "id": "matverse/roles/datastore.user/serviceAccount:rag-ingestion-agent@matverse.iam.gserviceaccount.com",
            "member": "serviceAccount:rag-ingestion-agent@matverse.iam.gserviceaccount.com",
            "project": "matverse",
            "role": "roles/datastore.user"
          },
          "sensitive_attributes": [],
          "identity_schema_version": 0,
          "private": "bnVsbA==",
          "dependencies": [
            "google_service_account.ingestion_sa"
          ]
        }
      ]
    },
    {
      "mode": "managed",
      "type": "google_project_iam_member",
      "name": "gcs_pubsub_publishing",
      "provider": "provider[\"registry.terraform.io/hashicorp/google\"]",
      "instances": [
        {
          "schema_version": 0,
          "attributes": {
            "condition": [],
            "etag": "BwZVt3oDdKE=",
            "id": "matverse/roles/pubsub.publisher/serviceAccount:service-315006458346@gs-project-accounts.iam.gserviceaccount.com",
            "member": "serviceAccount:service-315006458346@gs-project-accounts.iam.gserviceaccount.com",
            "project": "matverse",
            "role": "roles/pubsub.publisher"
          },
          "sensitive_attributes": [],
          "identity_schema_version": 0,
          "private": "bnVsbA==",
          "dependencies": [
            "data.google_storage_project_service_account.gcs_account"
          ]
        }
      ]
    },
    {
      "mode": "managed",
      "type": "google_project_iam_member",
      "name": "jee_processor_ai_user",
      "provider": "provider[\"registry.terraform.io/hashicorp/google\"]",
      "instances": [
        {
          "schema_version": 0,
          "attributes": {
            "condition": [],
            "etag": "BwZVt3oDdKE=",
            "id": "matverse/roles/aiplatform.user/serviceAccount:jee-processor@matverse.iam.gserviceaccount.com",
            "member": "serviceAccount:jee-processor@matverse.iam.gserviceaccount.com",
            "project": "matverse",
            "role": "roles/aiplatform.user"
          },
          "sensitive_attributes": [],
          "identity_schema_version": 0,
          "private": "bnVsbA==",
          "dependencies": [
            "google_project_service.requited_apis",
            "google_service_account.jee_processor"
          ]
        }
      ]
    },
    {
      "mode": "managed",
      "type": "google_project_iam_member",
      "name": "run_invoker",
      "provider": "provider[\"registry.terraform.io/hashicorp/google\"]",
      "instances": [
        {
          "schema_version": 0,
          "attributes": {
            "condition": [],
            "etag": "BwZVt3oDdKE=",
            "id": "matverse/roles/run.invoker/serviceAccount:rag-ingestion-agent@matverse.iam.gserviceaccount.com",
            "member": "serviceAccount:rag-ingestion-agent@matverse.iam.gserviceaccount.com",
            "project": "matverse",
            "role": "roles/run.invoker"
          },
          "sensitive_attributes": [],
          "identity_schema_version": 0,
          "private": "bnVsbA==",
          "dependencies": [
            "google_service_account.ingestion_sa"
          ]
        }
      ]
    },
    {
      "mode": "managed",
      "type": "google_project_iam_member",
      "name": "service_usage_consumer",
      "provider": "provider[\"registry.terraform.io/hashicorp/google\"]",
      "instances": [
        {
          "schema_version": 0,
          "attributes": {
            "condition": [],
            "etag": "BwZVt3oDdKE=",
            "id": "matverse/roles/serviceusage.serviceUsageConsumer/serviceAccount:rag-ingestion-agent@matverse.iam.gserviceaccount.com",
            "member": "serviceAccount:rag-ingestion-agent@matverse.iam.gserviceaccount.com",
            "project": "matverse",
            "role": "roles/serviceusage.serviceUsageConsumer"
          },
          "sensitive_attributes": [],
          "identity_schema_version": 0,
          "private": "bnVsbA==",
          "dependencies": [
            "google_service_account.ingestion_sa"
          ]
        }
      ]
    },
    {
      "mode": "managed",
      "type": "google_project_iam_member",
      "name": "storage_object_admin",
      "provider": "provider[\"registry.terraform.io/hashicorp/google\"]",
      "instances": [
        {
          "schema_version": 0,
          "attributes": {
            "condition": [],
            "etag": "BwZVt3oDdKE=",
            "id": "matverse/roles/storage.objectAdmin/serviceAccount:jee-processor@matverse.iam.gserviceaccount.com",
            "member": "serviceAccount:jee-processor@matverse.iam.gserviceaccount.com",
            "project": "matverse",
            "role": "roles/storage.objectAdmin"
          },
          "sensitive_attributes": [],
          "identity_schema_version": 0,
          "private": "bnVsbA==",
          "dependencies": [
            "google_project_service.requited_apis",
            "google_service_account.jee_processor"
          ]
        }
      ]
    },
    {
      "mode": "managed",
      "type": "google_project_service",
      "name": "requited_apis",
      "provider": "provider[\"registry.terraform.io/hashicorp/google\"]",
      "instances": [
        {
          "index_key": "aiplatform.googleapis.com",
          "schema_version": 0,
          "attributes": {
            "disable_dependent_services": null,
            "disable_on_destroy": false,
            "id": "matverse/aiplatform.googleapis.com",
            "project": "matverse",
            "service": "aiplatform.googleapis.com",
            "timeouts": null
          },
          "sensitive_attributes": [],
          "identity_schema_version": 0,
          "private": "eyJlMmJmYjczMC1lY2FhLTExZTYtOGY4OC0zNDM2M2JjN2M0YzAiOnsiY3JlYXRlIjoxMjAwMDAwMDAwMDAwLCJkZWxldGUiOjEyMDAwMDAwMDAwMDAsInJlYWQiOjYwMDAwMDAwMDAwMCwidXBkYXRlIjoxMjAwMDAwMDAwMDAwfX0="
        },
        {
          "index_key": "artifactregistry.googleapis.com",
          "schema_version": 0,
          "attributes": {
            "disable_dependent_services": null,
            "disable_on_destroy": false,
            "id": "matverse/artifactregistry.googleapis.com",
            "project": "matverse",
            "service": "artifactregistry.googleapis.com",
            "timeouts": null
          },
          "sensitive_attributes": [],
          "identity_schema_version": 0,
          "private": "eyJlMmJmYjczMC1lY2FhLTExZTYtOGY4OC0zNDM2M2JjN2M0YzAiOnsiY3JlYXRlIjoxMjAwMDAwMDAwMDAwLCJkZWxldGUiOjEyMDAwMDAwMDAwMDAsInJlYWQiOjYwMDAwMDAwMDAwMCwidXBkYXRlIjoxMjAwMDAwMDAwMDAwfX0="
        },
        {
          "index_key": "cloudbuild.googleapis.com",
          "schema_version": 0,
          "attributes": {
            "disable_dependent_services": null,
            "disable_on_destroy": false,
            "id": "matverse/cloudbuild.googleapis.com",
            "project": "matverse",
            "service": "cloudbuild.googleapis.com",
            "timeouts": null
          },
          "sensitive_attributes": [],
          "identity_schema_version": 0,
          "private": "eyJlMmJmYjczMC1lY2FhLTExZTYtOGY4OC0zNDM2M2JjN2M0YzAiOnsiY3JlYXRlIjoxMjAwMDAwMDAwMDAwLCJkZWxldGUiOjEyMDAwMDAwMDAwMDAsInJlYWQiOjYwMDAwMDAwMDAwMCwidXBkYXRlIjoxMjAwMDAwMDAwMDAwfX0="
        },
        {
          "index_key": "cloudfunctions.googleapis.com",
          "schema_version": 0,
          "attributes": {
            "disable_dependent_services": null,
            "disable_on_destroy": false,
            "id": "matverse/cloudfunctions.googleapis.com",
            "project": "matverse",
            "service": "cloudfunctions.googleapis.com",
            "timeouts": null
          },
          "sensitive_attributes": [],
          "identity_schema_version": 0,
          "private": "eyJlMmJmYjczMC1lY2FhLTExZTYtOGY4OC0zNDM2M2JjN2M0YzAiOnsiY3JlYXRlIjoxMjAwMDAwMDAwMDAwLCJkZWxldGUiOjEyMDAwMDAwMDAwMDAsInJlYWQiOjYwMDAwMDAwMDAwMCwidXBkYXRlIjoxMjAwMDAwMDAwMDAwfX0="
        },
        {
          "index_key": "cloudresourcemanager.googleapis.com",
          "schema_version": 0,
          "attributes": {
            "disable_dependent_services": null,
            "disable_on_destroy": false,
            "id": "matverse/cloudresourcemanager.googleapis.com",
            "project": "matverse",
            "service": "cloudresourcemanager.googleapis.com",
            "timeouts": null
          },
          "sensitive_attributes": [],
          "identity_schema_version": 0,
          "private": "eyJlMmJmYjczMC1lY2FhLTExZTYtOGY4OC0zNDM2M2JjN2M0YzAiOnsiY3JlYXRlIjoxMjAwMDAwMDAwMDAwLCJkZWxldGUiOjEyMDAwMDAwMDAwMDAsInJlYWQiOjYwMDAwMDAwMDAwMCwidXBkYXRlIjoxMjAwMDAwMDAwMDAwfX0="
        },
        {
          "index_key": "documentai.googleapis.com",
          "schema_version": 0,
          "attributes": {
            "disable_dependent_services": null,
            "disable_on_destroy": false,
            "id": "matverse/documentai.googleapis.com",
            "project": "matverse",
            "service": "documentai.googleapis.com",
            "timeouts": null
          },
          "sensitive_attributes": [],
          "identity_schema_version": 0,
          "private": "eyJlMmJmYjczMC1lY2FhLTExZTYtOGY4OC0zNDM2M2JjN2M0YzAiOnsiY3JlYXRlIjoxMjAwMDAwMDAwMDAwLCJkZWxldGUiOjEyMDAwMDAwMDAwMDAsInJlYWQiOjYwMDAwMDAwMDAwMCwidXBkYXRlIjoxMjAwMDAwMDAwMDAwfX0="
        },
        {
          "index_key": "eventarc.googleapis.com",
          "schema_version": 0,
          "attributes": {
            "disable_dependent_services": null,
            "disable_on_destroy": false,
            "id": "matverse/eventarc.googleapis.com",
            "project": "matverse",
            "service": "eventarc.googleapis.com",
            "timeouts": null
          },
          "sensitive_attributes": [],
          "identity_schema_version": 0,
          "private": "eyJlMmJmYjczMC1lY2FhLTExZTYtOGY4OC0zNDM2M2JjN2M0YzAiOnsiY3JlYXRlIjoxMjAwMDAwMDAwMDAwLCJkZWxldGUiOjEyMDAwMDAwMDAwMDAsInJlYWQiOjYwMDAwMDAwMDAwMCwidXBkYXRlIjoxMjAwMDAwMDAwMDAwfX0="
        },
        {
          "index_key": "firestore.googleapis.com",
          "schema_version": 0,
          "attributes": {
            "disable_dependent_services": null,
            "disable_on_destroy": false,
            "id": "matverse/firestore.googleapis.com",
            "project": "matverse",
            "service": "firestore.googleapis.com",
            "timeouts": null
          },
          "sensitive_attributes": [],
          "identity_schema_version": 0,
          "private": "eyJlMmJmYjczMC1lY2FhLTExZTYtOGY4OC0zNDM2M2JjN2M0YzAiOnsiY3JlYXRlIjoxMjAwMDAwMDAwMDAwLCJkZWxldGUiOjEyMDAwMDAwMDAwMDAsInJlYWQiOjYwMDAwMDAwMDAwMCwidXBkYXRlIjoxMjAwMDAwMDAwMDAwfX0="
        },
        {
          "index_key": "pubsub.googleapis.com",
          "schema_version": 0,
          "attributes": {
            "disable_dependent_services": null,
            "disable_on_destroy": false,
            "id": "matverse/pubsub.googleapis.com",
            "project": "matverse",
            "service": "pubsub.googleapis.com",
            "timeouts": null
          },
          "sensitive_attributes": [],
          "identity_schema_version": 0,
          "private": "eyJlMmJmYjczMC1lY2FhLTExZTYtOGY4OC0zNDM2M2JjN2M0YzAiOnsiY3JlYXRlIjoxMjAwMDAwMDAwMDAwLCJkZWxldGUiOjEyMDAwMDAwMDAwMDAsInJlYWQiOjYwMDAwMDAwMDAwMCwidXBkYXRlIjoxMjAwMDAwMDAwMDAwfX0="
        },
        {
          "index_key": "run.googleapis.com",
          "schema_version": 0,
          "attributes": {
            "disable_dependent_services": null,
            "disable_on_destroy": false,
            "id": "matverse/run.googleapis.com",
            "project": "matverse",
            "service": "run.googleapis.com",
            "timeouts": null
          },
          "sensitive_attributes": [],
          "identity_schema_version": 0,
          "private": "eyJlMmJmYjczMC1lY2FhLTExZTYtOGY4OC0zNDM2M2JjN2M0YzAiOnsiY3JlYXRlIjoxMjAwMDAwMDAwMDAwLCJkZWxldGUiOjEyMDAwMDAwMDAwMDAsInJlYWQiOjYwMDAwMDAwMDAwMCwidXBkYXRlIjoxMjAwMDAwMDAwMDAwfX0="
        }
      ]
    },
    {
      "mode": "managed",
      "type": "google_service_account",
      "name": "ingestion_sa",
      "provider": "provider[\"registry.terraform.io/hashicorp/google\"]",
      "instances": [
        {
          "schema_version": 0,
          "attributes": {
            "account_id": "rag-ingestion-agent",
            "create_ignore_already_exists": null,
            "description": "",
            "disabled": false,
            "display_name": "RAG PDF Ingestion Cloud Function SA",
            "email": "rag-ingestion-agent@matverse.iam.gserviceaccount.com",
            "id": "projects/matverse/serviceAccounts/rag-ingestion-agent@matverse.iam.gserviceaccount.com",
            "member": "serviceAccount:rag-ingestion-agent@matverse.iam.gserviceaccount.com",
            "name": "projects/matverse/serviceAccounts/rag-ingestion-agent@matverse.iam.gserviceaccount.com",
            "project": "matverse",
            "timeouts": null,
            "unique_id": "112798317002950155868"
          },
          "sensitive_attributes": [],
          "identity_schema_version": 0,
          "private": "eyJlMmJmYjczMC1lY2FhLTExZTYtOGY4OC0zNDM2M2JjN2M0YzAiOnsiY3JlYXRlIjozMDAwMDAwMDAwMDB9fQ=="
        }
      ]
    },
    {
      "mode": "managed",
      "type": "google_service_account",
      "name": "jee_processor",
      "provider": "provider[\"registry.terraform.io/hashicorp/google\"]",
      "instances": [
        {
          "schema_version": 0,
          "attributes": {
            "account_id": "jee-processor",
            "create_ignore_already_exists": null,
            "description": "",
            "disabled": false,
            "display_name": "JEE JEE Processor SA",
            "email": "jee-processor@matverse.iam.gserviceaccount.com",
            "id": "projects/matverse/serviceAccounts/jee-processor@matverse.iam.gserviceaccount.com",
            "member": "serviceAccount:jee-processor@matverse.iam.gserviceaccount.com",
            "name": "projects/matverse/serviceAccounts/jee-processor@matverse.iam.gserviceaccount.com",
            "project": "matverse",
            "timeouts": null,
            "unique_id": "111424741760715937748"
          },
          "sensitive_attributes": [],
          "identity_schema_version": 0,
          "private": "eyJlMmJmYjczMC1lY2FhLTExZTYtOGY4OC0zNDM2M2JjN2M0YzAiOnsiY3JlYXRlIjozMDAwMDAwMDAwMDB9fQ==",
          "dependencies": [
            "google_project_service.requited_apis"
          ]
        }
      ]
    },
    {
      "mode": "managed",
      "type": "google_storage_bucket",
      "name": "content_bucket",
      "provider": "provider[\"registry.terraform.io/hashicorp/google\"]",
      "instances": [
        {
          "schema_version": 2,
          "attributes": {
            "autoclass": [],
            "cors": [],
            "custom_placement_config": [],
            "default_event_based_hold": false,
            "effective_labels": {},
            "enable_object_retention": false,
            "encryption": [],
            "force_destroy": true,
            "id": "mathverse-content",
            "labels": {},
            "lifecycle_rule": [],
            "location": "US-CENTRAL1",
            "logging": [],
            "name": "mathverse-content",
            "project": "matverse",
            "project_number": 315006458346,
            "public_access_prevention": "inherited",
            "requester_pays": false,
            "retention_policy": [],
            "rpo": null,
            "self_link": "https://www.googleapis.com/storage/v1/b/mathverse-content",
            "soft_delete_policy": [
              {
                "effective_time": "2026-07-03T10:41:27.898Z",
                "retention_duration_seconds": 604800
              }
            ],
            "storage_class": "STANDARD",
            "terraform_labels": {},
            "timeouts": null,
            "uniform_bucket_level_access": true,
            "url": "gs://mathverse-content",
            "versioning": [
              {
                "enabled": true
              }
            ],
            "website": []
          },
          "sensitive_attributes": [],
          "identity_schema_version": 0,
          "private": "eyJlMmJmYjczMC1lY2FhLTExZTYtOGY4OC0zNDM2M2JjN2M0YzAiOnsiY3JlYXRlIjo2MDAwMDAwMDAwMDAsInJlYWQiOjI0MDAwMDAwMDAwMCwidXBkYXRlIjoyNDAwMDAwMDAwMDB9LCJzY2hlbWFfdmVyc2lvbiI6IjIifQ==",
          "dependencies": [
            "google_project_service.requited_apis"
          ]
        }
      ]
    },
    {
      "mode": "managed",
      "type": "google_storage_bucket",
      "name": "curriculum_bucket",
      "provider": "provider[\"registry.terraform.io/hashicorp/google\"]",
      "instances": [
        {
          "schema_version": 2,
          "attributes": {
            "autoclass": [],
            "cors": [],
            "custom_placement_config": [],
            "default_event_based_hold": false,
            "effective_labels": {},
            "enable_object_retention": false,
            "encryption": [],
            "force_destroy": true,
            "id": "mathverse-curriculum-pdfs-matverse",
            "labels": {},
            "lifecycle_rule": [],
            "location": "US-CENTRAL1",
            "logging": [],
            "name": "mathverse-curriculum-pdfs-matverse",
            "project": "matverse",
            "project_number": 315006458346,
            "public_access_prevention": "inherited",
            "requester_pays": false,
            "retention_policy": [],
            "rpo": null,
            "self_link": "https://www.googleapis.com/storage/v1/b/mathverse-curriculum-pdfs-matverse",
            "soft_delete_policy": [
              {
                "effective_time": "2026-06-05T08:45:12.453Z",
                "retention_duration_seconds": 604800
              }
            ],
            "storage_class": "STANDARD",
            "terraform_labels": {},
            "timeouts": null,
            "uniform_bucket_level_access": true,
            "url": "gs://mathverse-curriculum-pdfs-matverse",
            "versioning": [],
            "website": []
          },
          "sensitive_attributes": [],
          "identity_schema_version": 0,
          "private": "eyJlMmJmYjczMC1lY2FhLTExZTYtOGY4OC0zNDM2M2JjN2M0YzAiOnsiY3JlYXRlIjo2MDAwMDAwMDAwMDAsInJlYWQiOjI0MDAwMDAwMDAwMCwidXBkYXRlIjoyNDAwMDAwMDAwMDB9LCJzY2hlbWFfdmVyc2lvbiI6IjIifQ=="
        }
      ]
    },
    {
      "mode": "managed",
      "type": "google_storage_bucket",
      "name": "function_source_bucket",
      "provider": "provider[\"registry.terraform.io/hashicorp/google\"]",
      "instances": [
        {
          "schema_version": 2,
          "attributes": {
            "autoclass": [],
            "cors": [],
            "custom_placement_config": [],
            "default_event_based_hold": false,
            "effective_labels": {},
            "enable_object_retention": false,
            "encryption": [],
            "force_destroy": false,
            "id": "mathverse-function-source-matverse",
            "labels": {},
            "lifecycle_rule": [],
            "location": "US-CENTRAL1",
            "logging": [],
            "name": "mathverse-function-source-matverse",
            "project": "matverse",
            "project_number": 315006458346,
            "public_access_prevention": "inherited",
            "requester_pays": false,
            "retention_policy": [],
            "rpo": null,
            "self_link": "https://www.googleapis.com/storage/v1/b/mathverse-function-source-matverse",
            "soft_delete_policy": [
              {
                "effective_time": "2026-06-05T08:45:12.532Z",
                "retention_duration_seconds": 604800
              }
            ],
            "storage_class": "STANDARD",
            "terraform_labels": {},
            "timeouts": null,
            "uniform_bucket_level_access": true,
            "url": "gs://mathverse-function-source-matverse",
            "versioning": [],
            "website": []
          },
          "sensitive_attributes": [],
          "identity_schema_version": 0,
          "private": "eyJlMmJmYjczMC1lY2FhLTExZTYtOGY4OC0zNDM2M2JjN2M0YzAiOnsiY3JlYXRlIjo2MDAwMDAwMDAwMDAsInJlYWQiOjI0MDAwMDAwMDAwMCwidXBkYXRlIjoyNDAwMDAwMDAwMDB9LCJzY2hlbWFfdmVyc2lvbiI6IjIifQ=="
        }
      ]
    },
    {
      "mode": "managed",
      "type": "google_storage_bucket",
      "name": "jee_assets",
      "provider": "provider[\"registry.terraform.io/hashicorp/google\"]",
      "instances": [
        {
          "schema_version": 2,
          "attributes": {
            "autoclass": [],
            "cors": [],
            "custom_placement_config": [],
            "default_event_based_hold": false,
            "effective_labels": {},
            "enable_object_retention": false,
            "encryption": [],
            "force_destroy": true,
            "id": "matverse-jee-assets",
            "labels": {},
            "lifecycle_rule": [],
            "location": "US-CENTRAL1",
            "logging": [],
            "name": "matverse-jee-assets",
            "project": "matverse",
            "project_number": 315006458346,
            "public_access_prevention": "inherited",
            "requester_pays": false,
            "retention_policy": [],
            "rpo": null,
            "self_link": "https://www.googleapis.com/storage/v1/b/matverse-jee-assets",
            "soft_delete_policy": [
              {
                "effective_time": "2026-06-15T09:05:15.473Z",
                "retention_duration_seconds": 604800
              }
            ],
            "storage_class": "STANDARD",
            "terraform_labels": {},
            "timeouts": null,
            "uniform_bucket_level_access": true,
            "url": "gs://matverse-jee-assets",
            "versioning": [
              {
                "enabled": true
              }
            ],
            "website": []
          },
          "sensitive_attributes": [],
          "identity_schema_version": 0,
          "private": "eyJlMmJmYjczMC1lY2FhLTExZTYtOGY4OC0zNDM2M2JjN2M0YzAiOnsiY3JlYXRlIjo2MDAwMDAwMDAwMDAsInJlYWQiOjI0MDAwMDAwMDAwMCwidXBkYXRlIjoyNDAwMDAwMDAwMDB9LCJzY2hlbWFfdmVyc2lvbiI6IjIifQ==",
          "dependencies": [
            "google_project_service.requited_apis"
          ]
        }
      ]
    },
    {
      "mode": "managed",
      "type": "google_storage_bucket_iam_member",
      "name": "read_pdf_bucket_metadata",
      "provider": "provider[\"registry.terraform.io/hashicorp/google\"]",
      "instances": [
        {
          "schema_version": 0,
          "attributes": {
            "bucket": "b/mathverse-curriculum-pdfs-matverse",
            "condition": [],
            "etag": "CAY=",
            "id": "b/mathverse-curriculum-pdfs-matverse/roles/storage.legacyBucketReader/serviceAccount:rag-ingestion-agent@matverse.iam.gserviceaccount.com",
            "member": "serviceAccount:rag-ingestion-agent@matverse.iam.gserviceaccount.com",
            "role": "roles/storage.legacyBucketReader"
          },
          "sensitive_attributes": [],
          "identity_schema_version": 0,
          "private": "bnVsbA==",
          "dependencies": [
            "google_service_account.ingestion_sa",
            "google_storage_bucket.curriculum_bucket"
          ]
        }
      ]
    },
    {
      "mode": "managed",
      "type": "google_storage_bucket_iam_member",
      "name": "read_pdfs",
      "provider": "provider[\"registry.terraform.io/hashicorp/google\"]",
      "instances": [
        {
          "schema_version": 0,
          "attributes": {
            "bucket": "b/mathverse-curriculum-pdfs-matverse",
            "condition": [],
            "etag": "CAY=",
            "id": "b/mathverse-curriculum-pdfs-matverse/roles/storage.objectViewer/serviceAccount:rag-ingestion-agent@matverse.iam.gserviceaccount.com",
            "member": "serviceAccount:rag-ingestion-agent@matverse.iam.gserviceaccount.com",
            "role": "roles/storage.objectViewer"
          },
          "sensitive_attributes": [],
          "identity_schema_version": 0,
          "private": "bnVsbA==",
          "dependencies": [
            "google_service_account.ingestion_sa",
            "google_storage_bucket.curriculum_bucket"
          ]
        }
      ]
    },
    {
      "mode": "managed",
      "type": "google_storage_bucket_object",
      "name": "function_zip",
      "provider": "provider[\"registry.terraform.io/hashicorp/google\"]",
      "instances": [
        {
          "schema_version": 0,
          "attributes": {
            "bucket": "mathverse-function-source-matverse",
            "cache_control": "",
            "content": null,
            "content_disposition": "",
            "content_encoding": "",
            "content_language": "",
            "content_type": "application/zip",
            "crc32c": "wMAEbw==",
            "customer_encryption": [],
            "detect_md5hash": "dxSSDQxVzzVJVIMwp11vkg==",
            "event_based_hold": false,
            "generation": 1780667725965054,
            "id": "mathverse-function-source-matverse-ingestion-agent-7714920d0c55cf3549548330a75d6f92.zip",
            "kms_key_name": "",
            "md5hash": "dxSSDQxVzzVJVIMwp11vkg==",
            "media_link": "https://storage.googleapis.com/download/storage/v1/b/mathverse-function-source-matverse/o/ingestion-agent-7714920d0c55cf3549548330a75d6f92.zip?generation=1780667725965054\u0026alt=media",
            "metadata": {},
            "name": "ingestion-agent-7714920d0c55cf3549548330a75d6f92.zip",
            "output_name": "ingestion-agent-7714920d0c55cf3549548330a75d6f92.zip",
            "retention": [],
            "self_link": "https://www.googleapis.com/storage/v1/b/mathverse-function-source-matverse/o/ingestion-agent-7714920d0c55cf3549548330a75d6f92.zip",
            "source": "./function_source.zip",
            "storage_class": "STANDARD",
            "temporary_hold": false,
            "timeouts": null
          },
          "sensitive_attributes": [
            [
              {
                "type": "get_attr",
                "value": "content"
              }
            ]
          ],
          "identity_schema_version": 0,
          "private": "eyJlMmJmYjczMC1lY2FhLTExZTYtOGY4OC0zNDM2M2JjN2M0YzAiOnsiY3JlYXRlIjoyNDAwMDAwMDAwMDAsImRlbGV0ZSI6MjQwMDAwMDAwMDAwLCJ1cGRhdGUiOjI0MDAwMDAwMDAwMH19",
          "dependencies": [
            "data.archive_file.function_zip",
            "google_storage_bucket.function_source_bucket"
          ]
        }
      ]
    },
    {
      "mode": "managed",
      "type": "google_storage_bucket_object",
      "name": "jee_answers_extractor_zip",
      "provider": "provider[\"registry.terraform.io/hashicorp/google\"]",
      "instances": [
        {
          "schema_version": 0,
          "attributes": {
            "bucket": "mathverse-function-source-matverse",
            "cache_control": "",
            "content": null,
            "content_disposition": "",
            "content_encoding": "",
            "content_language": "",
            "content_type": "application/zip",
            "crc32c": "5/BN9w==",
            "customer_encryption": [],
            "detect_md5hash": "YokIkwg0Fo34ifYwZtcXag==",
            "event_based_hold": false,
            "generation": 1781704622767966,
            "id": "mathverse-function-source-matverse-jee-answer-extractor-628908930834168df889f63066d7176a.zip",
            "kms_key_name": "",
            "md5hash": "YokIkwg0Fo34ifYwZtcXag==",
            "media_link": "https://storage.googleapis.com/download/storage/v1/b/mathverse-function-source-matverse/o/jee-answer-extractor-628908930834168df889f63066d7176a.zip?generation=1781704622767966\u0026alt=media",
            "metadata": {},
            "name": "jee-answer-extractor-628908930834168df889f63066d7176a.zip",
            "output_name": "jee-answer-extractor-628908930834168df889f63066d7176a.zip",
            "retention": [],
            "self_link": "https://www.googleapis.com/storage/v1/b/mathverse-function-source-matverse/o/jee-answer-extractor-628908930834168df889f63066d7176a.zip",
            "source": "./jee_answer_extractor.zip",
            "storage_class": "STANDARD",
            "temporary_hold": false,
            "timeouts": null
          },
          "sensitive_attributes": [
            [
              {
                "type": "get_attr",
                "value": "content"
              }
            ]
          ],
          "identity_schema_version": 0,
          "private": "eyJlMmJmYjczMC1lY2FhLTExZTYtOGY4OC0zNDM2M2JjN2M0YzAiOnsiY3JlYXRlIjoyNDAwMDAwMDAwMDAsImRlbGV0ZSI6MjQwMDAwMDAwMDAwLCJ1cGRhdGUiOjI0MDAwMDAwMDAwMH19",
          "dependencies": [
            "data.archive_file.jee_answers_extractor_zip",
            "google_storage_bucket.function_source_bucket"
          ]
        }
      ]
    },
    {
      "mode": "managed",
      "type": "google_storage_bucket_object",
      "name": "jee_extractor_zip",
      "provider": "provider[\"registry.terraform.io/hashicorp/google\"]",
      "instances": [
        {
          "schema_version": 0,
          "attributes": {
            "bucket": "mathverse-function-source-matverse",
            "cache_control": "",
            "content": null,
            "content_disposition": "",
            "content_encoding": "",
            "content_language": "",
            "content_type": "application/zip",
            "crc32c": "McB8vQ==",
            "customer_encryption": [],
            "detect_md5hash": "xihgS/xgZljx+vAfxHF+4w==",
            "event_based_hold": false,
            "generation": 1783056947906674,
            "id": "mathverse-function-source-matverse-jee-question-extractor-c628604bfc606658f1faf01fc4717ee3.zip",
            "kms_key_name": "",
            "md5hash": "xihgS/xgZljx+vAfxHF+4w==",
            "media_link": "https://storage.googleapis.com/download/storage/v1/b/mathverse-function-source-matverse/o/jee-question-extractor-c628604bfc606658f1faf01fc4717ee3.zip?generation=1783056947906674\u0026alt=media",
            "metadata": {},
            "name": "jee-question-extractor-c628604bfc606658f1faf01fc4717ee3.zip",
            "output_name": "jee-question-extractor-c628604bfc606658f1faf01fc4717ee3.zip",
            "retention": [],
            "self_link": "https://www.googleapis.com/storage/v1/b/mathverse-function-source-matverse/o/jee-question-extractor-c628604bfc606658f1faf01fc4717ee3.zip",
            "source": "./jee_question_extractor.zip",
            "storage_class": "STANDARD",
            "temporary_hold": false,
            "timeouts": null
          },
          "sensitive_attributes": [
            [
              {
                "type": "get_attr",
                "value": "content"
              }
            ]
          ],
          "identity_schema_version": 0,
          "private": "eyJlMmJmYjczMC1lY2FhLTExZTYtOGY4OC0zNDM2M2JjN2M0YzAiOnsiY3JlYXRlIjoyNDAwMDAwMDAwMDAsImRlbGV0ZSI6MjQwMDAwMDAwMDAwLCJ1cGRhdGUiOjI0MDAwMDAwMDAwMH19",
          "dependencies": [
            "data.archive_file.jee_questions_extractor_zip",
            "google_storage_bucket.function_source_bucket"
          ]
        }
      ]
    },
    {
      "mode": "managed",
      "type": "google_storage_bucket_object",
      "name": "jee_ocr_zip",
      "provider": "provider[\"registry.terraform.io/hashicorp/google\"]",
      "instances": [
        {
          "schema_version": 0,
          "attributes": {
            "bucket": "mathverse-function-source-matverse",
            "cache_control": "",
            "content": null,
            "content_disposition": "",
            "content_encoding": "",
            "content_language": "",
            "content_type": "application/zip",
            "crc32c": "KSAzzA==",
            "customer_encryption": [],
            "detect_md5hash": "zVGYI/Kos0Ta5DmSlkGe6Q==",
            "event_based_hold": false,
            "generation": 1781605092009965,
            "id": "mathverse-function-source-matverse-jee-ocr-cd519823f2a8b344dae4399296419ee9.zip",
            "kms_key_name": "",
            "md5hash": "zVGYI/Kos0Ta5DmSlkGe6Q==",
            "media_link": "https://storage.googleapis.com/download/storage/v1/b/mathverse-function-source-matverse/o/jee-ocr-cd519823f2a8b344dae4399296419ee9.zip?generation=1781605092009965\u0026alt=media",
            "metadata": {},
            "name": "jee-ocr-cd519823f2a8b344dae4399296419ee9.zip",
            "output_name": "jee-ocr-cd519823f2a8b344dae4399296419ee9.zip",
            "retention": [],
            "self_link": "https://www.googleapis.com/storage/v1/b/mathverse-function-source-matverse/o/jee-ocr-cd519823f2a8b344dae4399296419ee9.zip",
            "source": "./jee_ocr.zip",
            "storage_class": "STANDARD",
            "temporary_hold": false,
            "timeouts": null
          },
          "sensitive_attributes": [
            [
              {
                "type": "get_attr",
                "value": "content"
              }
            ]
          ],
          "identity_schema_version": 0,
          "private": "eyJlMmJmYjczMC1lY2FhLTExZTYtOGY4OC0zNDM2M2JjN2M0YzAiOnsiY3JlYXRlIjoyNDAwMDAwMDAwMDAsImRlbGV0ZSI6MjQwMDAwMDAwMDAwLCJ1cGRhdGUiOjI0MDAwMDAwMDAwMH19",
          "dependencies": [
            "data.archive_file.jee_ocr_zip",
            "google_storage_bucket.function_source_bucket"
          ]
        }
      ]
    },
    {
      "mode": "managed",
      "type": "google_storage_bucket_object",
      "name": "jee_solution_extractor_zip",
      "provider": "provider[\"registry.terraform.io/hashicorp/google\"]",
      "instances": [
        {
          "schema_version": 0,
          "attributes": {
            "bucket": "mathverse-function-source-matverse",
            "cache_control": "",
            "content": null,
            "content_disposition": "",
            "content_encoding": "",
            "content_language": "",
            "content_type": "application/zip",
            "crc32c": "ylBi3A==",
            "customer_encryption": [],
            "detect_md5hash": "qN5t/9jMR0JNtAQzjgE7Wg==",
            "event_based_hold": false,
            "generation": 1781775982354642,
            "id": "mathverse-function-source-matverse-jee-solution-extractor-a8de6dffd8cc47424db404338e013b5a.zip",
            "kms_key_name": "",
            "md5hash": "qN5t/9jMR0JNtAQzjgE7Wg==",
            "media_link": "https://storage.googleapis.com/download/storage/v1/b/mathverse-function-source-matverse/o/jee-solution-extractor-a8de6dffd8cc47424db404338e013b5a.zip?generation=1781775982354642\u0026alt=media",
            "metadata": {},
            "name": "jee-solution-extractor-a8de6dffd8cc47424db404338e013b5a.zip",
            "output_name": "jee-solution-extractor-a8de6dffd8cc47424db404338e013b5a.zip",
            "retention": [],
            "self_link": "https://www.googleapis.com/storage/v1/b/mathverse-function-source-matverse/o/jee-solution-extractor-a8de6dffd8cc47424db404338e013b5a.zip",
            "source": "./jee_solution_extractor.zip",
            "storage_class": "STANDARD",
            "temporary_hold": false,
            "timeouts": null
          },
          "sensitive_attributes": [
            [
              {
                "type": "get_attr",
                "value": "content"
              }
            ]
          ],
          "identity_schema_version": 0,
          "private": "eyJlMmJmYjczMC1lY2FhLTExZTYtOGY4OC0zNDM2M2JjN2M0YzAiOnsiY3JlYXRlIjoyNDAwMDAwMDAwMDAsImRlbGV0ZSI6MjQwMDAwMDAwMDAwLCJ1cGRhdGUiOjI0MDAwMDAwMDAwMH19",
          "dependencies": [
            "data.archive_file.jee_solution_extractor_zip",
            "google_storage_bucket.function_source_bucket"
          ]
        }
      ]
    },
    {
      "mode": "managed",
      "type": "google_storage_bucket_object",
      "name": "knowledge_compiler_zip",
      "provider": "provider[\"registry.terraform.io/hashicorp/google\"]",
      "instances": [
        {
          "schema_version": 0,
          "attributes": {
            "bucket": "mathverse-function-source-matverse",
            "cache_control": "",
            "content": null,
            "content_disposition": "",
            "content_encoding": "",
            "content_language": "",
            "content_type": "application/zip",
            "crc32c": "OdVyZg==",
            "customer_encryption": [],
            "detect_md5hash": "G/dsdjX/HGiyUNUmGnEG/A==",
            "event_based_hold": false,
            "generation": 1783101304226781,
            "id": "mathverse-function-source-matverse-knowledge-compiler-1bf76c7635ff1c68b250d5261a7106fc.zip",
            "kms_key_name": "",
            "md5hash": "G/dsdjX/HGiyUNUmGnEG/A==",
            "media_link": "https://storage.googleapis.com/download/storage/v1/b/mathverse-function-source-matverse/o/knowledge-compiler-1bf76c7635ff1c68b250d5261a7106fc.zip?generation=1783101304226781\u0026alt=media",
            "metadata": null,
            "name": "knowledge-compiler-1bf76c7635ff1c68b250d5261a7106fc.zip",
            "output_name": "knowledge-compiler-1bf76c7635ff1c68b250d5261a7106fc.zip",
            "retention": [],
            "self_link": "https://www.googleapis.com/storage/v1/b/mathverse-function-source-matverse/o/knowledge-compiler-1bf76c7635ff1c68b250d5261a7106fc.zip",
            "source": "./knowledge_compiler.zip",
            "storage_class": "STANDARD",
            "temporary_hold": false,
            "timeouts": null
          },
          "sensitive_attributes": [
            [
              {
                "type": "get_attr",
                "value": "content"
              }
            ]
          ],
          "identity_schema_version": 0,
          "private": "eyJlMmJmYjczMC1lY2FhLTExZTYtOGY4OC0zNDM2M2JjN2M0YzAiOnsiY3JlYXRlIjoyNDAwMDAwMDAwMDAsImRlbGV0ZSI6MjQwMDAwMDAwMDAwLCJ1cGRhdGUiOjI0MDAwMDAwMDAwMH19",
          "dependencies": [
            "data.archive_file.knowledge_compiler_zip",
            "google_storage_bucket.function_source_bucket"
          ]
        }
      ]
    },
    {
      "mode": "managed",
      "type": "google_storage_bucket_object",
      "name": "metadata_extractor_zip",
      "provider": "provider[\"registry.terraform.io/hashicorp/google\"]",
      "instances": [
        {
          "schema_version": 0,
          "attributes": {
            "bucket": "mathverse-function-source-matverse",
            "cache_control": "",
            "content": null,
            "content_disposition": "",
            "content_encoding": "",
            "content_language": "",
            "content_type": "application/zip",
            "crc32c": "yNdeTQ==",
            "customer_encryption": [],
            "detect_md5hash": "2BMFUWoIb5Bq2BycngjP2g==",
            "event_based_hold": false,
            "generation": 1783056947779284,
            "id": "mathverse-function-source-matverse-metadata-extractor-d81305516a086f906ad81c9c9e08cfda.zip",
            "kms_key_name": "",
            "md5hash": "2BMFUWoIb5Bq2BycngjP2g==",
            "media_link": "https://storage.googleapis.com/download/storage/v1/b/mathverse-function-source-matverse/o/metadata-extractor-d81305516a086f906ad81c9c9e08cfda.zip?generation=1783056947779284\u0026alt=media",
            "metadata": {},
            "name": "metadata-extractor-d81305516a086f906ad81c9c9e08cfda.zip",
            "output_name": "metadata-extractor-d81305516a086f906ad81c9c9e08cfda.zip",
            "retention": [],
            "self_link": "https://www.googleapis.com/storage/v1/b/mathverse-function-source-matverse/o/metadata-extractor-d81305516a086f906ad81c9c9e08cfda.zip",
            "source": "./metadata_extractor.zip",
            "storage_class": "STANDARD",
            "temporary_hold": false,
            "timeouts": null
          },
          "sensitive_attributes": [
            [
              {
                "type": "get_attr",
                "value": "content"
              }
            ]
          ],
          "identity_schema_version": 0,
          "private": "eyJlMmJmYjczMC1lY2FhLTExZTYtOGY4OC0zNDM2M2JjN2M0YzAiOnsiY3JlYXRlIjoyNDAwMDAwMDAwMDAsImRlbGV0ZSI6MjQwMDAwMDAwMDAwLCJ1cGRhdGUiOjI0MDAwMDAwMDAwMH19",
          "dependencies": [
            "data.archive_file.metadata_extractor_zip",
            "google_storage_bucket.function_source_bucket"
          ]
        }
      ]
    }
  ],
  "check_results": null
}
