{
  "version": 4,
  "terraform_version": "1.14.7",
  "serial": 39,
  "lineage": "607d1533-4875-bcf5-c0e8-bfb555ead222",
  "outputs": {},
  "resources": [
    {
      "mode": "data",
      "type": "archive_file",
      "name": "function_zip",
      "provider": "provider[\"registry.terraform.io/hashicorp/archive\"]",
      "instances": [
        {
          "schema_version": 0,
          "attributes": {
            "exclude_symlink_directories": null,
            "excludes": null,
            "id": "47a391de234296a05278e6efa4b7027c4e5897c8",
            "output_base64sha256": "fgz0uNUooifCiFeuIP5ohO9IK3E/tZfQQWaKwwaSzQU=",
            "output_base64sha512": "mq/LBjo7BCym0qTYPfR2IFIYMAzYpq/bzlNQVrC4dxmcnvSuG8Xvo2ssSLEeR9kf1hR3DiniQNc96ynOznMT2w==",
            "output_file_mode": null,
            "output_md5": "d23b95369f7de016de68472dd9361900",
            "output_path": "./function_source.zip",
            "output_sha": "47a391de234296a05278e6efa4b7027c4e5897c8",
            "output_sha256": "7e0cf4b8d528a227c28857ae20fe6884ef482b713fb597d041668ac30692cd05",
            "output_sha512": "9aafcb063a3b042ca6d2a4d83df476205218300cd8a6afdbce535056b0b877199c9ef4ae1bc5efa36b2c48b11e47d91fd614770e29e240d73deb29cece7313db",
            "output_size": 1944,
            "source": [],
            "source_content": null,
            "source_content_filename": null,
            "source_dir": "./cloud_function",
            "source_file": null,
            "type": "zip"
          },
          "sensitive_attributes": [],
          "identity_schema_version": 0
        }
      ]
    },
    {
      "mode": "data",
      "type": "google_storage_project_service_account",
      "name": "gcs_account",
      "provider": "provider[\"registry.terraform.io/hashicorp/google\"]",
      "instances": [
        {
          "schema_version": 0,
          "attributes": {
            "email_address": "service-666196672293@gs-project-accounts.iam.gserviceaccount.com",
            "id": "service-666196672293@gs-project-accounts.iam.gserviceaccount.com",
            "member": "serviceAccount:service-666196672293@gs-project-accounts.iam.gserviceaccount.com",
            "project": "mathverse-live-ai",
            "user_project": null
          },
          "sensitive_attributes": [],
          "identity_schema_version": 0
        }
      ]
    },
    {
      "mode": "managed",
      "type": "google_cloudfunctions2_function",
      "name": "pdf_ingestion_agent",
      "provider": "provider[\"registry.terraform.io/hashicorp/google\"]",
      "instances": [
        {
          "schema_version": 0,
          "attributes": {
            "build_config": [
              {
                "automatic_update_policy": [
                  {}
                ],
                "build": "projects/666196672293/locations/us-central1/builds/da83f480-b736-46d2-b48a-bca8bbe3fa35",
                "docker_repository": "projects/mathverse-live-ai/locations/us-central1/repositories/gcf-artifacts",
                "entry_point": "process_new_pdf",
                "environment_variables": {},
                "on_deploy_update_policy": [],
                "runtime": "python311",
                "service_account": "projects/mathverse-live-ai/serviceAccounts/666196672293-compute@developer.gserviceaccount.com",
                "source": [
                  {
                    "repo_source": [],
                    "storage_source": [
                      {
                        "bucket": "mathverse-function-source-mathverse-live-ai",
                        "generation": 1780309050792945,
                        "object": "ingestion-agent-d23b95369f7de016de68472dd9361900.zip"
                      }
                    ]
                  }
                ],
                "worker_pool": ""
              }
            ],
            "description": "Triggered by new PDFs. Parses, embeds, and writes to Firestore.",
            "effective_labels": {},
            "environment": "GEN_2",
            "event_trigger": [
              {
                "event_filters": [
                  {
                    "attribute": "bucket",
                    "operator": "",
                    "value": "mathverse-curriculum-pdfs-mathverse-live-ai"
                  }
                ],
                "event_type": "google.cloud.storage.object.v1.finalized",
                "pubsub_topic": "projects/mathverse-live-ai/topics/eventarc-us-central1-mathverse-pdf-indexer-587982-808",
                "retry_policy": "RETRY_POLICY_DO_NOT_RETRY",
                "service_account_email": "rag-ingestion-agent@mathverse-live-ai.iam.gserviceaccount.com",
                "trigger": "projects/mathverse-live-ai/locations/us-central1/triggers/mathverse-pdf-indexer-587982",
                "trigger_region": "us-central1"
              }
            ],
            "id": "projects/mathverse-live-ai/locations/us-central1/functions/mathverse-pdf-indexer",
            "kms_key_name": "",
            "labels": {},
            "location": "us-central1",
            "name": "mathverse-pdf-indexer",
            "project": "mathverse-live-ai",
            "service_config": [
              {
                "all_traffic_on_latest_revision": true,
                "available_cpu": "1",
                "available_memory": "2G",
                "environment_variables": {
                  "EMBEDDING_MODEL": "text-embedding-004",
                  "FIRESTORE_COL": "pdf_chunks",
                  "LOG_EXECUTION_ID": "true",
                  "PROJECT_ID": "mathverse-live-ai",
                  "REGION": "us-central1"
                },
                "gcf_uri": "",
                "ingress_settings": "ALLOW_ALL",
                "max_instance_count": 5,
                "max_instance_request_concurrency": 1,
                "min_instance_count": 0,
                "secret_environment_variables": [],
                "secret_volumes": [],
                "service": "projects/mathverse-live-ai/locations/us-central1/services/mathverse-pdf-indexer",
                "service_account_email": "rag-ingestion-agent@mathverse-live-ai.iam.gserviceaccount.com",
                "timeout_seconds": 540,
                "uri": "https://mathverse-pdf-indexer-zy5nl44jwq-uc.a.run.app",
                "vpc_connector": "",
                "vpc_connector_egress_settings": ""
              }
            ],
            "state": "ACTIVE",
            "terraform_labels": {},
            "timeouts": null,
            "update_time": "2026-06-01T14:29:13.265338375Z",
            "url": "https://us-central1-mathverse-live-ai.cloudfunctions.net/mathverse-pdf-indexer"
          },
          "sensitive_attributes": [],
          "identity_schema_version": 0,
          "private": "eyJlMmJmYjczMC1lY2FhLTExZTYtOGY4OC0zNDM2M2JjN2M0YzAiOnsiY3JlYXRlIjozNjAwMDAwMDAwMDAwLCJkZWxldGUiOjM2MDAwMDAwMDAwMDAsInVwZGF0ZSI6MzYwMDAwMDAwMDAwMH19",
          "dependencies": [
            "data.archive_file.function_zip",
            "data.google_storage_project_service_account.gcs_account",
            "google_project_iam_member.gcs_pubsub_publishing",
            "google_service_account.ingestion_sa",
            "google_storage_bucket.curriculum_bucket",
            "google_storage_bucket.function_source_bucket",
            "google_storage_bucket_object.function_zip"
          ]
        }
      ]
    },
    {
      "mode": "managed",
      "type": "google_project_iam_member",
      "name": "ai_user",
      "provider": "provider[\"registry.terraform.io/hashicorp/google\"]",
      "instances": [
        {
          "schema_version": 0,
          "attributes": {
            "condition": [],
            "etag": "BwZTMYeLZMc=",
            "id": "mathverse-live-ai/roles/aiplatform.user/serviceAccount:rag-ingestion-agent@mathverse-live-ai.iam.gserviceaccount.com",
            "member": "serviceAccount:rag-ingestion-agent@mathverse-live-ai.iam.gserviceaccount.com",
            "project": "mathverse-live-ai",
            "role": "roles/aiplatform.user"
          },
          "sensitive_attributes": [],
          "identity_schema_version": 0,
          "private": "bnVsbA==",
          "dependencies": [
            "google_service_account.ingestion_sa"
          ]
        }
      ]
    },
    {
      "mode": "managed",
      "type": "google_project_iam_member",
      "name": "event_receiver",
      "provider": "provider[\"registry.terraform.io/hashicorp/google\"]",
      "instances": [
        {
          "schema_version": 0,
          "attributes": {
            "condition": [],
            "etag": "BwZTMYeLZMc=",
            "id": "mathverse-live-ai/roles/eventarc.eventReceiver/serviceAccount:rag-ingestion-agent@mathverse-live-ai.iam.gserviceaccount.com",
            "member": "serviceAccount:rag-ingestion-agent@mathverse-live-ai.iam.gserviceaccount.com",
            "project": "mathverse-live-ai",
            "role": "roles/eventarc.eventReceiver"
          },
          "sensitive_attributes": [],
          "identity_schema_version": 0,
          "private": "bnVsbA==",
          "dependencies": [
            "google_service_account.ingestion_sa"
          ]
        }
      ]
    },
    {
      "mode": "managed",
      "type": "google_project_iam_member",
      "name": "firestore_writer",
      "provider": "provider[\"registry.terraform.io/hashicorp/google\"]",
      "instances": [
        {
          "schema_version": 0,
          "attributes": {
            "condition": [],
            "etag": "BwZTMYeLZMc=",
            "id": "mathverse-live-ai/roles/datastore.user/serviceAccount:rag-ingestion-agent@mathverse-live-ai.iam.gserviceaccount.com",
            "member": "serviceAccount:rag-ingestion-agent@mathverse-live-ai.iam.gserviceaccount.com",
            "project": "mathverse-live-ai",
            "role": "roles/datastore.user"
          },
          "sensitive_attributes": [],
          "identity_schema_version": 0,
          "private": "bnVsbA==",
          "dependencies": [
            "google_service_account.ingestion_sa"
          ]
        }
      ]
    },
    {
      "mode": "managed",
      "type": "google_project_iam_member",
      "name": "gcs_pubsub_publishing",
      "provider": "provider[\"registry.terraform.io/hashicorp/google\"]",
      "instances": [
        {
          "schema_version": 0,
          "attributes": {
            "condition": [],
            "etag": "BwZTMYeLZMc=",
            "id": "mathverse-live-ai/roles/pubsub.publisher/serviceAccount:service-666196672293@gs-project-accounts.iam.gserviceaccount.com",
            "member": "serviceAccount:service-666196672293@gs-project-accounts.iam.gserviceaccount.com",
            "project": "mathverse-live-ai",
            "role": "roles/pubsub.publisher"
          },
          "sensitive_attributes": [],
          "identity_schema_version": 0,
          "private": "bnVsbA==",
          "dependencies": [
            "data.google_storage_project_service_account.gcs_account"
          ]
        }
      ]
    },
    {
      "mode": "managed",
      "type": "google_project_iam_member",
      "name": "run_invoker",
      "provider": "provider[\"registry.terraform.io/hashicorp/google\"]",
      "instances": [
        {
          "schema_version": 0,
          "attributes": {
            "condition": [],
            "etag": "BwZTMYeLZMc=",
            "id": "mathverse-live-ai/roles/run.invoker/serviceAccount:rag-ingestion-agent@mathverse-live-ai.iam.gserviceaccount.com",
            "member": "serviceAccount:rag-ingestion-agent@mathverse-live-ai.iam.gserviceaccount.com",
            "project": "mathverse-live-ai",
            "role": "roles/run.invoker"
          },
          "sensitive_attributes": [],
          "identity_schema_version": 0,
          "private": "bnVsbA==",
          "dependencies": [
            "google_service_account.ingestion_sa"
          ]
        }
      ]
    },
    {
      "mode": "managed",
      "type": "google_project_service",
      "name": "requited_apis",
      "provider": "provider[\"registry.terraform.io/hashicorp/google\"]",
      "instances": [
        {
          "index_key": "aiplatform.googleapis.com",
          "schema_version": 0,
          "attributes": {
            "disable_dependent_services": null,
            "disable_on_destroy": false,
            "id": "mathverse-live-ai/aiplatform.googleapis.com",
            "project": "mathverse-live-ai",
            "service": "aiplatform.googleapis.com",
            "timeouts": null
          },
          "sensitive_attributes": [],
          "identity_schema_version": 0,
          "private": "eyJlMmJmYjczMC1lY2FhLTExZTYtOGY4OC0zNDM2M2JjN2M0YzAiOnsiY3JlYXRlIjoxMjAwMDAwMDAwMDAwLCJkZWxldGUiOjEyMDAwMDAwMDAwMDAsInJlYWQiOjYwMDAwMDAwMDAwMCwidXBkYXRlIjoxMjAwMDAwMDAwMDAwfX0="
        },
        {
          "index_key": "cloudfunctions.googleapis.com",
          "schema_version": 0,
          "attributes": {
            "disable_dependent_services": null,
            "disable_on_destroy": false,
            "id": "mathverse-live-ai/cloudfunctions.googleapis.com",
            "project": "mathverse-live-ai",
            "service": "cloudfunctions.googleapis.com",
            "timeouts": null
          },
          "sensitive_attributes": [],
          "identity_schema_version": 0,
          "private": "eyJlMmJmYjczMC1lY2FhLTExZTYtOGY4OC0zNDM2M2JjN2M0YzAiOnsiY3JlYXRlIjoxMjAwMDAwMDAwMDAwLCJkZWxldGUiOjEyMDAwMDAwMDAwMDAsInJlYWQiOjYwMDAwMDAwMDAwMCwidXBkYXRlIjoxMjAwMDAwMDAwMDAwfX0="
        },
        {
          "index_key": "eventarc.googleapis.com",
          "schema_version": 0,
          "attributes": {
            "disable_dependent_services": null,
            "disable_on_destroy": false,
            "id": "mathverse-live-ai/eventarc.googleapis.com",
            "project": "mathverse-live-ai",
            "service": "eventarc.googleapis.com",
            "timeouts": null
          },
          "sensitive_attributes": [],
          "identity_schema_version": 0,
          "private": "eyJlMmJmYjczMC1lY2FhLTExZTYtOGY4OC0zNDM2M2JjN2M0YzAiOnsiY3JlYXRlIjoxMjAwMDAwMDAwMDAwLCJkZWxldGUiOjEyMDAwMDAwMDAwMDAsInJlYWQiOjYwMDAwMDAwMDAwMCwidXBkYXRlIjoxMjAwMDAwMDAwMDAwfX0="
        },
        {
          "index_key": "firestore.googleapis.com",
          "schema_version": 0,
          "attributes": {
            "disable_dependent_services": null,
            "disable_on_destroy": false,
            "id": "mathverse-live-ai/firestore.googleapis.com",
            "project": "mathverse-live-ai",
            "service": "firestore.googleapis.com",
            "timeouts": null
          },
          "sensitive_attributes": [],
          "identity_schema_version": 0,
          "private": "eyJlMmJmYjczMC1lY2FhLTExZTYtOGY4OC0zNDM2M2JjN2M0YzAiOnsiY3JlYXRlIjoxMjAwMDAwMDAwMDAwLCJkZWxldGUiOjEyMDAwMDAwMDAwMDAsInJlYWQiOjYwMDAwMDAwMDAwMCwidXBkYXRlIjoxMjAwMDAwMDAwMDAwfX0="
        },
        {
          "index_key": "run.googleapis.com",
          "schema_version": 0,
          "attributes": {
            "disable_dependent_services": null,
            "disable_on_destroy": false,
            "id": "mathverse-live-ai/run.googleapis.com",
            "project": "mathverse-live-ai",
            "service": "run.googleapis.com",
            "timeouts": null
          },
          "sensitive_attributes": [],
          "identity_schema_version": 0,
          "private": "eyJlMmJmYjczMC1lY2FhLTExZTYtOGY4OC0zNDM2M2JjN2M0YzAiOnsiY3JlYXRlIjoxMjAwMDAwMDAwMDAwLCJkZWxldGUiOjEyMDAwMDAwMDAwMDAsInJlYWQiOjYwMDAwMDAwMDAwMCwidXBkYXRlIjoxMjAwMDAwMDAwMDAwfX0="
        }
      ]
    },
    {
      "mode": "managed",
      "type": "google_service_account",
      "name": "ingestion_sa",
      "provider": "provider[\"registry.terraform.io/hashicorp/google\"]",
      "instances": [
        {
          "schema_version": 0,
          "attributes": {
            "account_id": "rag-ingestion-agent",
            "create_ignore_already_exists": null,
            "description": "",
            "disabled": false,
            "display_name": "RAG PDF Ingestion Cloud Function SA",
            "email": "rag-ingestion-agent@mathverse-live-ai.iam.gserviceaccount.com",
            "id": "projects/mathverse-live-ai/serviceAccounts/rag-ingestion-agent@mathverse-live-ai.iam.gserviceaccount.com",
            "member": "serviceAccount:rag-ingestion-agent@mathverse-live-ai.iam.gserviceaccount.com",
            "name": "projects/mathverse-live-ai/serviceAccounts/rag-ingestion-agent@mathverse-live-ai.iam.gserviceaccount.com",
            "project": "mathverse-live-ai",
            "timeouts": null,
            "unique_id": "105352458980471239805"
          },
          "sensitive_attributes": [],
          "identity_schema_version": 0,
          "private": "eyJlMmJmYjczMC1lY2FhLTExZTYtOGY4OC0zNDM2M2JjN2M0YzAiOnsiY3JlYXRlIjozMDAwMDAwMDAwMDB9fQ=="
        }
      ]
    },
    {
      "mode": "managed",
      "type": "google_storage_bucket",
      "name": "curriculum_bucket",
      "provider": "provider[\"registry.terraform.io/hashicorp/google\"]",
      "instances": [
        {
          "schema_version": 2,
          "attributes": {
            "autoclass": [],
            "cors": [],
            "custom_placement_config": [],
            "default_event_based_hold": false,
            "effective_labels": {},
            "enable_object_retention": false,
            "encryption": [],
            "force_destroy": true,
            "id": "mathverse-curriculum-pdfs-mathverse-live-ai",
            "labels": {},
            "lifecycle_rule": [],
            "location": "US-CENTRAL1",
            "logging": [],
            "name": "mathverse-curriculum-pdfs-mathverse-live-ai",
            "project": "mathverse-live-ai",
            "project_number": 666196672293,
            "public_access_prevention": "inherited",
            "requester_pays": false,
            "retention_policy": [],
            "rpo": null,
            "self_link": "https://www.googleapis.com/storage/v1/b/mathverse-curriculum-pdfs-mathverse-live-ai",
            "soft_delete_policy": [
              {
                "effective_time": "2026-06-01T10:05:03.602Z",
                "retention_duration_seconds": 604800
              }
            ],
            "storage_class": "STANDARD",
            "terraform_labels": {},
            "timeouts": null,
            "uniform_bucket_level_access": true,
            "url": "gs://mathverse-curriculum-pdfs-mathverse-live-ai",
            "versioning": [],
            "website": []
          },
          "sensitive_attributes": [],
          "identity_schema_version": 0,
          "private": "eyJlMmJmYjczMC1lY2FhLTExZTYtOGY4OC0zNDM2M2JjN2M0YzAiOnsiY3JlYXRlIjo2MDAwMDAwMDAwMDAsInJlYWQiOjI0MDAwMDAwMDAwMCwidXBkYXRlIjoyNDAwMDAwMDAwMDB9LCJzY2hlbWFfdmVyc2lvbiI6IjIifQ=="
        }
      ]
    },
    {
      "mode": "managed",
      "type": "google_storage_bucket",
      "name": "function_source_bucket",
      "provider": "provider[\"registry.terraform.io/hashicorp/google\"]",
      "instances": [
        {
          "schema_version": 2,
          "attributes": {
            "autoclass": [],
            "cors": [],
            "custom_placement_config": [],
            "default_event_based_hold": false,
            "effective_labels": {},
            "enable_object_retention": false,
            "encryption": [],
            "force_destroy": false,
            "id": "mathverse-function-source-mathverse-live-ai",
            "labels": {},
            "lifecycle_rule": [],
            "location": "US-CENTRAL1",
            "logging": [],
            "name": "mathverse-function-source-mathverse-live-ai",
            "project": "mathverse-live-ai",
            "project_number": 666196672293,
            "public_access_prevention": "inherited",
            "requester_pays": false,
            "retention_policy": [],
            "rpo": null,
            "self_link": "https://www.googleapis.com/storage/v1/b/mathverse-function-source-mathverse-live-ai",
            "soft_delete_policy": [
              {
                "effective_time": "2026-06-01T10:05:03.938Z",
                "retention_duration_seconds": 604800
              }
            ],
            "storage_class": "STANDARD",
            "terraform_labels": {},
            "timeouts": null,
            "uniform_bucket_level_access": true,
            "url": "gs://mathverse-function-source-mathverse-live-ai",
            "versioning": [],
            "website": []
          },
          "sensitive_attributes": [],
          "identity_schema_version": 0,
          "private": "eyJlMmJmYjczMC1lY2FhLTExZTYtOGY4OC0zNDM2M2JjN2M0YzAiOnsiY3JlYXRlIjo2MDAwMDAwMDAwMDAsInJlYWQiOjI0MDAwMDAwMDAwMCwidXBkYXRlIjoyNDAwMDAwMDAwMDB9LCJzY2hlbWFfdmVyc2lvbiI6IjIifQ=="
        }
      ]
    },
    {
      "mode": "managed",
      "type": "google_storage_bucket_iam_member",
      "name": "read_pdfs",
      "provider": "provider[\"registry.terraform.io/hashicorp/google\"]",
      "instances": [
        {
          "schema_version": 0,
          "attributes": {
            "bucket": "b/mathverse-curriculum-pdfs-mathverse-live-ai",
            "condition": [],
            "etag": "CAM=",
            "id": "b/mathverse-curriculum-pdfs-mathverse-live-ai/roles/storage.objectViewer/serviceAccount:rag-ingestion-agent@mathverse-live-ai.iam.gserviceaccount.com",
            "member": "serviceAccount:rag-ingestion-agent@mathverse-live-ai.iam.gserviceaccount.com",
            "role": "roles/storage.objectViewer"
          },
          "sensitive_attributes": [],
          "identity_schema_version": 0,
          "private": "bnVsbA==",
          "dependencies": [
            "google_service_account.ingestion_sa",
            "google_storage_bucket.curriculum_bucket"
          ]
        }
      ]
    },
    {
      "mode": "managed",
      "type": "google_storage_bucket_object",
      "name": "function_zip",
      "provider": "provider[\"registry.terraform.io/hashicorp/google\"]",
      "instances": [
        {
          "schema_version": 0,
          "attributes": {
            "bucket": "mathverse-function-source-mathverse-live-ai",
            "cache_control": "",
            "content": null,
            "content_disposition": "",
            "content_encoding": "",
            "content_language": "",
            "content_type": "application/zip",
            "crc32c": "NR15Qw==",
            "customer_encryption": [],
            "detect_md5hash": "0juVNp994BbeaEct2TYZAA==",
            "event_based_hold": false,
            "generation": 1780324078077869,
            "id": "mathverse-function-source-mathverse-live-ai-ingestion-agent-d23b95369f7de016de68472dd9361900.zip",
            "kms_key_name": "",
            "md5hash": "0juVNp994BbeaEct2TYZAA==",
            "media_link": "https://storage.googleapis.com/download/storage/v1/b/mathverse-function-source-mathverse-live-ai/o/ingestion-agent-d23b95369f7de016de68472dd9361900.zip?generation=1780324078077869\u0026alt=media",
            "metadata": null,
            "name": "ingestion-agent-d23b95369f7de016de68472dd9361900.zip",
            "output_name": "ingestion-agent-d23b95369f7de016de68472dd9361900.zip",
            "retention": [],
            "self_link": "https://www.googleapis.com/storage/v1/b/mathverse-function-source-mathverse-live-ai/o/ingestion-agent-d23b95369f7de016de68472dd9361900.zip",
            "source": "./function_source.zip",
            "storage_class": "STANDARD",
            "temporary_hold": false,
            "timeouts": null
          },
          "sensitive_attributes": [
            [
              {
                "type": "get_attr",
                "value": "content"
              }
            ]
          ],
          "identity_schema_version": 0,
          "private": "eyJlMmJmYjczMC1lY2FhLTExZTYtOGY4OC0zNDM2M2JjN2M0YzAiOnsiY3JlYXRlIjoyNDAwMDAwMDAwMDAsImRlbGV0ZSI6MjQwMDAwMDAwMDAwLCJ1cGRhdGUiOjI0MDAwMDAwMDAwMH19",
          "dependencies": [
            "data.archive_file.function_zip",
            "google_storage_bucket.function_source_bucket"
          ]
        }
      ]
    }
  ],
  "check_results": null
}
